// !$*UTF8*$!
{
	archiveVersion = 1;
	classes = {
	};
	objectVersion = 50;
	objects = {

/* Begin PBXBuildFile section */
		833321332444279E00D3BBF4 /* AlarmDataModel.xcdatamodeld in Sources */ = {isa = PBXBuildFile; fileRef = 833321312444279E00D3BBF4 /* AlarmDataModel.xcdatamodeld */; };
		83B54065243C2AEA00049C41 /* SettingAlarm.storyboard in Resources */ = {isa = PBXBuildFile; fileRef = 83B54064243C2AEA00049C41 /* SettingAlarm.storyboard */; };
		83B54067243C2AF600049C41 /* Challenge.storyboard in Resources */ = {isa = PBXBuildFile; fileRef = 83B54066243C2AF600049C41 /* Challenge.storyboard */; };
		83B540B0243C30CF00049C41 /* Sound.storyboard in Resources */ = {isa = PBXBuildFile; fileRef = 83B540AF243C30CF00049C41 /* Sound.storyboard */; };
		83B5413C243DBDF200049C41 /* AddAlarm.storyboard in Resources */ = {isa = PBXBuildFile; fileRef = 83B5413B243DBDF200049C41 /* AddAlarm.storyboard */; };
		83B5413E243DC2CE00049C41 /* AlarmLabel.storyboard in Resources */ = {isa = PBXBuildFile; fileRef = 83B5413D243DC2CE00049C41 /* AlarmLabel.storyboard */; };
		83B54140243DC44D00049C41 /* AddAlarmViewController.swift in Sources */ = {isa = PBXBuildFile; fileRef = 83B5413F243DC44D00049C41 /* AddAlarmViewController.swift */; };
		83B54142243DC98200049C41 /* RepeatDay.storyboard in Resources */ = {isa = PBXBuildFile; fileRef = 83B54141243DC98200049C41 /* RepeatDay.storyboard */; };
		83B54146243DCEBB00049C41 /* RepeatDayViewController.swift in Sources */ = {isa = PBXBuildFile; fileRef = 83B54145243DCEBB00049C41 /* RepeatDayViewController.swift */; };
		83B54148243DD1D500049C41 /* AlarmLabelViewController.swift in Sources */ = {isa = PBXBuildFile; fileRef = 83B54147243DD1D500049C41 /* AlarmLabelViewController.swift */; };
		83B5414A243DD4D600049C41 /* AlarmViewCell.swift in Sources */ = {isa = PBXBuildFile; fileRef = 83B54149243DD4D600049C41 /* AlarmViewCell.swift */; };
		83B5414E243DD67900049C41 /* SettingAlarmTableViewController.swift in Sources */ = {isa = PBXBuildFile; fileRef = 83B5414D243DD67900049C41 /* SettingAlarmTableViewController.swift */; };
		ABEE0CB2243F600D00415D66 /* AlarmModel.swift in Sources */ = {isa = PBXBuildFile; fileRef = ABEE0CB1243F600D00415D66 /* AlarmModel.swift */; };
		BF405C532436F992004EE3E2 /* AppDelegate.swift in Sources */ = {isa = PBXBuildFile; fileRef = BF405C522436F992004EE3E2 /* AppDelegate.swift */; };
		BF405C572436F992004EE3E2 /* MainViewController.swift in Sources */ = {isa = PBXBuildFile; fileRef = BF405C562436F992004EE3E2 /* MainViewController.swift */; };
		BF405C5A2436F992004EE3E2 /* Main.storyboard in Resources */ = {isa = PBXBuildFile; fileRef = BF405C582436F992004EE3E2 /* Main.storyboard */; };
		BF405C5C2436F993004EE3E2 /* Assets.xcassets in Resources */ = {isa = PBXBuildFile; fileRef = BF405C5B2436F993004EE3E2 /* Assets.xcassets */; };
		BF405C5F2436F993004EE3E2 /* LaunchScreen.storyboard in Resources */ = {isa = PBXBuildFile; fileRef = BF405C5D2436F993004EE3E2 /* LaunchScreen.storyboard */; };
		CE39A864243C6C1A00BEAE74 /* BusySignal.mp3 in Resources */ = {isa = PBXBuildFile; fileRef = CE39A851243C6C1A00BEAE74 /* BusySignal.mp3 */; };
		CE39A865243C6C1A00BEAE74 /* TempleBellBigger.mp3 in Resources */ = {isa = PBXBuildFile; fileRef = CE39A852243C6C1A00BEAE74 /* TempleBellBigger.mp3 */; };
		CE39A866243C6C1A00BEAE74 /* TornadoSiren2.mp3 in Resources */ = {isa = PBXBuildFile; fileRef = CE39A853243C6C1A00BEAE74 /* TornadoSiren2.mp3 */; };
		CE39A867243C6C1A00BEAE74 /* BombSiren.mp3 in Resources */ = {isa = PBXBuildFile; fileRef = CE39A854243C6C1A00BEAE74 /* BombSiren.mp3 */; };
		CE39A868243C6C1A00BEAE74 /* Bleep.mp3 in Resources */ = {isa = PBXBuildFile; fileRef = CE39A855243C6C1A00BEAE74 /* Bleep.mp3 */; };
		CE39A869243C6C1A00BEAE74 /* Horn.mp3 in Resources */ = {isa = PBXBuildFile; fileRef = CE39A856243C6C1A00BEAE74 /* Horn.mp3 */; };
		CE39A86A243C6C1A00BEAE74 /* Siren.mp3 in Resources */ = {isa = PBXBuildFile; fileRef = CE39A857243C6C1A00BEAE74 /* Siren.mp3 */; };
		CE39A86B243C6C1A00BEAE74 /* OldFashionedOldBell.mp3 in Resources */ = {isa = PBXBuildFile; fileRef = CE39A858243C6C1A00BEAE74 /* OldFashionedOldBell.mp3 */; };
		CE39A86C243C6C1A00BEAE74 /* Metronome.mp3 in Resources */ = {isa = PBXBuildFile; fileRef = CE39A859243C6C1A00BEAE74 /* Metronome.mp3 */; };
		CE39A86D243C6C1A00BEAE74 /* ShipBrassBell.mp3 in Resources */ = {isa = PBXBuildFile; fileRef = CE39A85A243C6C1A00BEAE74 /* ShipBrassBell.mp3 */; };
		CE39A86E243C6C1A00BEAE74 /* OldFashionedSchoolBell.mp3 in Resources */ = {isa = PBXBuildFile; fileRef = CE39A85B243C6C1A00BEAE74 /* OldFashionedSchoolBell.mp3 */; };
		CE39A86F243C6C1A00BEAE74 /* LoudAlarmClockBuzzer.mp3 in Resources */ = {isa = PBXBuildFile; fileRef = CE39A85C243C6C1A00BEAE74 /* LoudAlarmClockBuzzer.mp3 */; };
		CE39A870243C6C1A00BEAE74 /* ZombieDemonSpawn.mp3 in Resources */ = {isa = PBXBuildFile; fileRef = CE39A85D243C6C1A00BEAE74 /* ZombieDemonSpawn.mp3 */; };
		CE39A871243C6C1A00BEAE74 /* FirePager.mp3 in Resources */ = {isa = PBXBuildFile; fileRef = CE39A85E243C6C1A00BEAE74 /* FirePager.mp3 */; };
		CE39A872243C6C1A00BEAE74 /* Rooster.mp3 in Resources */ = {isa = PBXBuildFile; fileRef = CE39A85F243C6C1A00BEAE74 /* Rooster.mp3 */; };
		CE39A873243C6C1A00BEAE74 /* JapaneseTempleBellSmall.mp3 in Resources */ = {isa = PBXBuildFile; fileRef = CE39A860243C6C1A00BEAE74 /* JapaneseTempleBellSmall.mp3 */; };
		CE39A874243C6C1A00BEAE74 /* MetalMetronome.mp3 in Resources */ = {isa = PBXBuildFile; fileRef = CE39A861243C6C1A00BEAE74 /* MetalMetronome.mp3 */; };
		CE39A875243C6C1A00BEAE74 /* StoreDoor.mp3 in Resources */ = {isa = PBXBuildFile; fileRef = CE39A862243C6C1A00BEAE74 /* StoreDoor.mp3 */; };
		CE39A876243C6C1A00BEAE74 /* AnnoyingAlarmClock.mp3 in Resources */ = {isa = PBXBuildFile; fileRef = CE39A863243C6C1A00BEAE74 /* AnnoyingAlarmClock.mp3 */; };
		CE39A878243C6E4700BEAE74 /* AnalogWatchAlarm.mp3 in Resources */ = {isa = PBXBuildFile; fileRef = CE39A877243C6E4700BEAE74 /* AnalogWatchAlarm.mp3 */; };
		CE39A87A243C6E5B00BEAE74 /* Beep.mp3 in Resources */ = {isa = PBXBuildFile; fileRef = CE39A879243C6E5B00BEAE74 /* Beep.mp3 */; };
		CE6A141924372710000F1407 /* SoundController.swift in Sources */ = {isa = PBXBuildFile; fileRef = CE6A141824372710000F1407 /* SoundController.swift */; };
		CE7D20FB2440D23D00C3B2CD /* Onboard.storyboard in Resources */ = {isa = PBXBuildFile; fileRef = CE7D20FA2440D23D00C3B2CD /* Onboard.storyboard */; };
		CE7D20FD2440D27C00C3B2CD /* OnboardVC.swift in Sources */ = {isa = PBXBuildFile; fileRef = CE7D20FC2440D27C00C3B2CD /* OnboardVC.swift */; };
		CE88D88C243C36FF00F8F19B /* SoundModel.swift in Sources */ = {isa = PBXBuildFile; fileRef = CE88D88B243C36FF00F8F19B /* SoundModel.swift */; };
		CE88D890243C637300F8F19B /* AVFoundation.framework in Frameworks */ = {isa = PBXBuildFile; fileRef = CE88D88E243C57AF00F8F19B /* AVFoundation.framework */; };
/* End PBXBuildFile section */

/* Begin PBXFileReference section */
		833321322444279E00D3BBF4 /* AlarmDataModel.xcdatamodel */ = {isa = PBXFileReference; lastKnownFileType = wrapper.xcdatamodel; path = AlarmDataModel.xcdatamodel; sourceTree = "<group>"; };
		83B54064243C2AEA00049C41 /* SettingAlarm.storyboard */ = {isa = PBXFileReference; lastKnownFileType = file.storyboard; path = SettingAlarm.storyboard; sourceTree = "<group>"; };
		83B54066243C2AF600049C41 /* Challenge.storyboard */ = {isa = PBXFileReference; lastKnownFileType = file.storyboard; path = Challenge.storyboard; sourceTree = "<group>"; };
		83B540AF243C30CF00049C41 /* Sound.storyboard */ = {isa = PBXFileReference; lastKnownFileType = file.storyboard; path = Sound.storyboard; sourceTree = "<group>"; };
		83B5413B243DBDF200049C41 /* AddAlarm.storyboard */ = {isa = PBXFileReference; lastKnownFileType = file.storyboard; path = AddAlarm.storyboard; sourceTree = "<group>"; };
		83B5413D243DC2CE00049C41 /* AlarmLabel.storyboard */ = {isa = PBXFileReference; lastKnownFileType = file.storyboard; path = AlarmLabel.storyboard; sourceTree = "<group>"; };
		83B5413F243DC44D00049C41 /* AddAlarmViewController.swift */ = {isa = PBXFileReference; lastKnownFileType = sourcecode.swift; path = AddAlarmViewController.swift; sourceTree = "<group>"; };
		83B54141243DC98200049C41 /* RepeatDay.storyboard */ = {isa = PBXFileReference; lastKnownFileType = file.storyboard; path = RepeatDay.storyboard; sourceTree = "<group>"; };
		83B54145243DCEBB00049C41 /* RepeatDayViewController.swift */ = {isa = PBXFileReference; lastKnownFileType = sourcecode.swift; path = RepeatDayViewController.swift; sourceTree = "<group>"; };
		83B54147243DD1D500049C41 /* AlarmLabelViewController.swift */ = {isa = PBXFileReference; lastKnownFileType = sourcecode.swift; path = AlarmLabelViewController.swift; sourceTree = "<group>"; };
		83B54149243DD4D600049C41 /* AlarmViewCell.swift */ = {isa = PBXFileReference; lastKnownFileType = sourcecode.swift; path = AlarmViewCell.swift; sourceTree = "<group>"; };
		83B5414D243DD67900049C41 /* SettingAlarmTableViewController.swift */ = {isa = PBXFileReference; lastKnownFileType = sourcecode.swift; path = SettingAlarmTableViewController.swift; sourceTree = "<group>"; };
		ABEE0CB1243F600D00415D66 /* AlarmModel.swift */ = {isa = PBXFileReference; lastKnownFileType = sourcecode.swift; path = AlarmModel.swift; sourceTree = "<group>"; };
		BF405C4F2436F992004EE3E2 /* mc1g3-ryse.app */ = {isa = PBXFileReference; explicitFileType = wrapper.application; includeInIndex = 0; path = "mc1g3-ryse.app"; sourceTree = BUILT_PRODUCTS_DIR; };
		BF405C522436F992004EE3E2 /* AppDelegate.swift */ = {isa = PBXFileReference; lastKnownFileType = sourcecode.swift; path = AppDelegate.swift; sourceTree = "<group>"; };
		BF405C562436F992004EE3E2 /* MainViewController.swift */ = {isa = PBXFileReference; lastKnownFileType = sourcecode.swift; path = MainViewController.swift; sourceTree = "<group>"; };
		BF405C592436F992004EE3E2 /* Base */ = {isa = PBXFileReference; lastKnownFileType = file.storyboard; name = Base; path = Base.lproj/Main.storyboard; sourceTree = "<group>"; };
		BF405C5B2436F993004EE3E2 /* Assets.xcassets */ = {isa = PBXFileReference; lastKnownFileType = folder.assetcatalog; path = Assets.xcassets; sourceTree = "<group>"; };
		BF405C5E2436F993004EE3E2 /* Base */ = {isa = PBXFileReference; lastKnownFileType = file.storyboard; name = Base; path = Base.lproj/LaunchScreen.storyboard; sourceTree = "<group>"; };
		BF405C602436F993004EE3E2 /* Info.plist */ = {isa = PBXFileReference; lastKnownFileType = text.plist.xml; path = Info.plist; sourceTree = "<group>"; };
		CE39A851243C6C1A00BEAE74 /* BusySignal.mp3 */ = {isa = PBXFileReference; lastKnownFileType = audio.mp3; path = BusySignal.mp3; sourceTree = "<group>"; };
		CE39A852243C6C1A00BEAE74 /* TempleBellBigger.mp3 */ = {isa = PBXFileReference; lastKnownFileType = audio.mp3; path = TempleBellBigger.mp3; sourceTree = "<group>"; };
		CE39A853243C6C1A00BEAE74 /* TornadoSiren2.mp3 */ = {isa = PBXFileReference; lastKnownFileType = audio.mp3; path = TornadoSiren2.mp3; sourceTree = "<group>"; };
		CE39A854243C6C1A00BEAE74 /* BombSiren.mp3 */ = {isa = PBXFileReference; lastKnownFileType = audio.mp3; path = BombSiren.mp3; sourceTree = "<group>"; };
		CE39A855243C6C1A00BEAE74 /* Bleep.mp3 */ = {isa = PBXFileReference; lastKnownFileType = audio.mp3; path = Bleep.mp3; sourceTree = "<group>"; };
		CE39A856243C6C1A00BEAE74 /* Horn.mp3 */ = {isa = PBXFileReference; lastKnownFileType = audio.mp3; path = Horn.mp3; sourceTree = "<group>"; };
		CE39A857243C6C1A00BEAE74 /* Siren.mp3 */ = {isa = PBXFileReference; lastKnownFileType = audio.mp3; path = Siren.mp3; sourceTree = "<group>"; };
		CE39A858243C6C1A00BEAE74 /* OldFashionedOldBell.mp3 */ = {isa = PBXFileReference; lastKnownFileType = audio.mp3; path = OldFashionedOldBell.mp3; sourceTree = "<group>"; };
		CE39A859243C6C1A00BEAE74 /* Metronome.mp3 */ = {isa = PBXFileReference; lastKnownFileType = audio.mp3; path = Metronome.mp3; sourceTree = "<group>"; };
		CE39A85A243C6C1A00BEAE74 /* ShipBrassBell.mp3 */ = {isa = PBXFileReference; lastKnownFileType = audio.mp3; path = ShipBrassBell.mp3; sourceTree = "<group>"; };
		CE39A85B243C6C1A00BEAE74 /* OldFashionedSchoolBell.mp3 */ = {isa = PBXFileReference; lastKnownFileType = audio.mp3; path = OldFashionedSchoolBell.mp3; sourceTree = "<group>"; };
		CE39A85C243C6C1A00BEAE74 /* LoudAlarmClockBuzzer.mp3 */ = {isa = PBXFileReference; lastKnownFileType = audio.mp3; path = LoudAlarmClockBuzzer.mp3; sourceTree = "<group>"; };
		CE39A85D243C6C1A00BEAE74 /* ZombieDemonSpawn.mp3 */ = {isa = PBXFileReference; lastKnownFileType = audio.mp3; path = ZombieDemonSpawn.mp3; sourceTree = "<group>"; };
		CE39A85E243C6C1A00BEAE74 /* FirePager.mp3 */ = {isa = PBXFileReference; lastKnownFileType = audio.mp3; path = FirePager.mp3; sourceTree = "<group>"; };
		CE39A85F243C6C1A00BEAE74 /* Rooster.mp3 */ = {isa = PBXFileReference; lastKnownFileType = audio.mp3; path = Rooster.mp3; sourceTree = "<group>"; };
		CE39A860243C6C1A00BEAE74 /* JapaneseTempleBellSmall.mp3 */ = {isa = PBXFileReference; lastKnownFileType = audio.mp3; path = JapaneseTempleBellSmall.mp3; sourceTree = "<group>"; };
		CE39A861243C6C1A00BEAE74 /* MetalMetronome.mp3 */ = {isa = PBXFileReference; lastKnownFileType = audio.mp3; path = MetalMetronome.mp3; sourceTree = "<group>"; };
		CE39A862243C6C1A00BEAE74 /* StoreDoor.mp3 */ = {isa = PBXFileReference; lastKnownFileType = audio.mp3; path = StoreDoor.mp3; sourceTree = "<group>"; };
		CE39A863243C6C1A00BEAE74 /* AnnoyingAlarmClock.mp3 */ = {isa = PBXFileReference; lastKnownFileType = audio.mp3; path = AnnoyingAlarmClock.mp3; sourceTree = "<group>"; };
		CE39A877243C6E4700BEAE74 /* AnalogWatchAlarm.mp3 */ = {isa = PBXFileReference; lastKnownFileType = audio.mp3; path = AnalogWatchAlarm.mp3; sourceTree = "<group>"; };
		CE39A879243C6E5B00BEAE74 /* Beep.mp3 */ = {isa = PBXFileReference; lastKnownFileType = audio.mp3; path = Beep.mp3; sourceTree = "<group>"; };
		CE6A141824372710000F1407 /* SoundController.swift */ = {isa = PBXFileReference; lastKnownFileType = sourcecode.swift; path = SoundController.swift; sourceTree = "<group>"; };
		CE7D20FA2440D23D00C3B2CD /* Onboard.storyboard */ = {isa = PBXFileReference; lastKnownFileType = file.storyboard; path = Onboard.storyboard; sourceTree = "<group>"; };
		CE7D20FC2440D27C00C3B2CD /* OnboardVC.swift */ = {isa = PBXFileReference; lastKnownFileType = sourcecode.swift; path = OnboardVC.swift; sourceTree = "<group>"; };
		CE88D88B243C36FF00F8F19B /* SoundModel.swift */ = {isa = PBXFileReference; lastKnownFileType = sourcecode.swift; path = SoundModel.swift; sourceTree = "<group>"; };
		CE88D88E243C57AF00F8F19B /* AVFoundation.framework */ = {isa = PBXFileReference; lastKnownFileType = wrapper.framework; name = AVFoundation.framework; path = System/Library/Frameworks/AVFoundation.framework; sourceTree = SDKROOT; };
/* End PBXFileReference section */

/* Begin PBXFrameworksBuildPhase section */
		BF405C4C2436F992004EE3E2 /* Frameworks */ = {
			isa = PBXFrameworksBuildPhase;
			buildActionMask = 2147483647;
			files = (
				CE88D890243C637300F8F19B /* AVFoundation.framework in Frameworks */,
			);
			runOnlyForDeploymentPostprocessing = 0;
		};
/* End PBXFrameworksBuildPhase section */

/* Begin PBXGroup section */
		83B5406C243C2D9700049C41 /* Controllers */ = {
			isa = PBXGroup;
			children = (
				BF405C562436F992004EE3E2 /* MainViewController.swift */,
				83B5414D243DD67900049C41 /* SettingAlarmTableViewController.swift */,
				83B5413F243DC44D00049C41 /* AddAlarmViewController.swift */,
				83B54149243DD4D600049C41 /* AlarmViewCell.swift */,
				83B54145243DCEBB00049C41 /* RepeatDayViewController.swift */,
				83B54147243DD1D500049C41 /* AlarmLabelViewController.swift */,
				CE6A141824372710000F1407 /* SoundController.swift */,
				CE7D20FC2440D27C00C3B2CD /* OnboardVC.swift */,
			);
			path = Controllers;
			sourceTree = "<group>";
		};
		BF405C462436F992004EE3E2 = {
			isa = PBXGroup;
			children = (
				BF405C512436F992004EE3E2 /* mc1g3-ryse */,
				BF405C502436F992004EE3E2 /* Products */,
				CE88D88D243C57AF00F8F19B /* Frameworks */,
			);
			sourceTree = "<group>";
		};
		BF405C502436F992004EE3E2 /* Products */ = {
			isa = PBXGroup;
			children = (
				BF405C4F2436F992004EE3E2 /* mc1g3-ryse.app */,
			);
			name = Products;
			sourceTree = "<group>";
		};
		BF405C512436F992004EE3E2 /* mc1g3-ryse */ = {
			isa = PBXGroup;
			children = (
				BF405C522436F992004EE3E2 /* AppDelegate.swift */,
				CE88D88A243C36E100F8F19B /* Models */,
				83B5406C243C2D9700049C41 /* Controllers */,
				CE7D20FA2440D23D00C3B2CD /* Onboard.storyboard */,
				BF405C582436F992004EE3E2 /* Main.storyboard */,
				83B54064243C2AEA00049C41 /* SettingAlarm.storyboard */,
				83B5413B243DBDF200049C41 /* AddAlarm.storyboard */,
				83B54141243DC98200049C41 /* RepeatDay.storyboard */,
				83B5413D243DC2CE00049C41 /* AlarmLabel.storyboard */,
				83B540AF243C30CF00049C41 /* Sound.storyboard */,
				83B54066243C2AF600049C41 /* Challenge.storyboard */,
				BF405C5B2436F993004EE3E2 /* Assets.xcassets */,
				BF405C5D2436F993004EE3E2 /* LaunchScreen.storyboard */,
				CE39A850243C6C1A00BEAE74 /* sound */,
				BF405C602436F993004EE3E2 /* Info.plist */,
			);
			path = "mc1g3-ryse";
			sourceTree = "<group>";
		};
		CE39A850243C6C1A00BEAE74 /* sound */ = {
			isa = PBXGroup;
			children = (
				CE39A877243C6E4700BEAE74 /* AnalogWatchAlarm.mp3 */,
				CE39A863243C6C1A00BEAE74 /* AnnoyingAlarmClock.mp3 */,
				CE39A879243C6E5B00BEAE74 /* Beep.mp3 */,
				CE39A855243C6C1A00BEAE74 /* Bleep.mp3 */,
				CE39A854243C6C1A00BEAE74 /* BombSiren.mp3 */,
				CE39A851243C6C1A00BEAE74 /* BusySignal.mp3 */,
				CE39A85E243C6C1A00BEAE74 /* FirePager.mp3 */,
				CE39A856243C6C1A00BEAE74 /* Horn.mp3 */,
				CE39A860243C6C1A00BEAE74 /* JapaneseTempleBellSmall.mp3 */,
				CE39A85C243C6C1A00BEAE74 /* LoudAlarmClockBuzzer.mp3 */,
				CE39A861243C6C1A00BEAE74 /* MetalMetronome.mp3 */,
				CE39A859243C6C1A00BEAE74 /* Metronome.mp3 */,
				CE39A858243C6C1A00BEAE74 /* OldFashionedOldBell.mp3 */,
				CE39A85B243C6C1A00BEAE74 /* OldFashionedSchoolBell.mp3 */,
				CE39A85F243C6C1A00BEAE74 /* Rooster.mp3 */,
				CE39A85A243C6C1A00BEAE74 /* ShipBrassBell.mp3 */,
				CE39A857243C6C1A00BEAE74 /* Siren.mp3 */,
				CE39A862243C6C1A00BEAE74 /* StoreDoor.mp3 */,
				CE39A852243C6C1A00BEAE74 /* TempleBellBigger.mp3 */,
				CE39A853243C6C1A00BEAE74 /* TornadoSiren2.mp3 */,
				CE39A85D243C6C1A00BEAE74 /* ZombieDemonSpawn.mp3 */,
			);
			path = sound;
			sourceTree = "<group>";
		};
		CE88D88A243C36E100F8F19B /* Models */ = {
			isa = PBXGroup;
			children = (
				CE88D88B243C36FF00F8F19B /* SoundModel.swift */,
				ABEE0CB1243F600D00415D66 /* AlarmModel.swift */,
				833321312444279E00D3BBF4 /* AlarmDataModel.xcdatamodeld */,
			);
			path = Models;
			sourceTree = "<group>";
		};
		CE88D88D243C57AF00F8F19B /* Frameworks */ = {
			isa = PBXGroup;
			children = (
				CE88D88E243C57AF00F8F19B /* AVFoundation.framework */,
			);
			name = Frameworks;
			sourceTree = "<group>";
		};
/* End PBXGroup section */

/* Begin PBXNativeTarget section */
		BF405C4E2436F992004EE3E2 /* mc1g3-ryse */ = {
			isa = PBXNativeTarget;
			buildConfigurationList = BF405C632436F993004EE3E2 /* Build configuration list for PBXNativeTarget "mc1g3-ryse" */;
			buildPhases = (
				BF405C4B2436F992004EE3E2 /* Sources */,
				BF405C4C2436F992004EE3E2 /* Frameworks */,
				BF405C4D2436F992004EE3E2 /* Resources */,
			);
			buildRules = (
			);
			dependencies = (
			);
			name = "mc1g3-ryse";
			productName = "mc1g3-ryse";
			productReference = BF405C4F2436F992004EE3E2 /* mc1g3-ryse.app */;
			productType = "com.apple.product-type.application";
		};
/* End PBXNativeTarget section */

/* Begin PBXProject section */
		BF405C472436F992004EE3E2 /* Project object */ = {
			isa = PBXProject;
			attributes = {
				LastSwiftUpdateCheck = 1140;
				LastUpgradeCheck = 1140;
				ORGANIZATIONNAME = "Grace Cindy";
				TargetAttributes = {
					BF405C4E2436F992004EE3E2 = {
						CreatedOnToolsVersion = 11.4;
					};
				};
			};
			buildConfigurationList = BF405C4A2436F992004EE3E2 /* Build configuration list for PBXProject "mc1g3-ryse" */;
			compatibilityVersion = "Xcode 9.3";
			developmentRegion = en;
			hasScannedForEncodings = 0;
			knownRegions = (
				en,
				Base,
			);
			mainGroup = BF405C462436F992004EE3E2;
			productRefGroup = BF405C502436F992004EE3E2 /* Products */;
			projectDirPath = "";
			projectRoot = "";
			targets = (
				BF405C4E2436F992004EE3E2 /* mc1g3-ryse */,
			);
		};
/* End PBXProject section */

/* Begin PBXResourcesBuildPhase section */
		BF405C4D2436F992004EE3E2 /* Resources */ = {
			isa = PBXResourcesBuildPhase;
			buildActionMask = 2147483647;
			files = (
				CE39A871243C6C1A00BEAE74 /* FirePager.mp3 in Resources */,
				CE39A865243C6C1A00BEAE74 /* TempleBellBigger.mp3 in Resources */,
				CE39A868243C6C1A00BEAE74 /* Bleep.mp3 in Resources */,
				CE39A866243C6C1A00BEAE74 /* TornadoSiren2.mp3 in Resources */,
				83B5413C243DBDF200049C41 /* AddAlarm.storyboard in Resources */,
				CE39A878243C6E4700BEAE74 /* AnalogWatchAlarm.mp3 in Resources */,
				CE39A867243C6C1A00BEAE74 /* BombSiren.mp3 in Resources */,
				CE39A873243C6C1A00BEAE74 /* JapaneseTempleBellSmall.mp3 in Resources */,
				CE7D20FB2440D23D00C3B2CD /* Onboard.storyboard in Resources */,
				83B54067243C2AF600049C41 /* Challenge.storyboard in Resources */,
				CE39A86F243C6C1A00BEAE74 /* LoudAlarmClockBuzzer.mp3 in Resources */,
				CE39A864243C6C1A00BEAE74 /* BusySignal.mp3 in Resources */,
				CE39A86C243C6C1A00BEAE74 /* Metronome.mp3 in Resources */,
				83B5413E243DC2CE00049C41 /* AlarmLabel.storyboard in Resources */,
				CE39A870243C6C1A00BEAE74 /* ZombieDemonSpawn.mp3 in Resources */,
				CE39A872243C6C1A00BEAE74 /* Rooster.mp3 in Resources */,
				CE39A875243C6C1A00BEAE74 /* StoreDoor.mp3 in Resources */,
				BF405C5F2436F993004EE3E2 /* LaunchScreen.storyboard in Resources */,
				CE39A86A243C6C1A00BEAE74 /* Siren.mp3 in Resources */,
				83B54065243C2AEA00049C41 /* SettingAlarm.storyboard in Resources */,
				CE39A874243C6C1A00BEAE74 /* MetalMetronome.mp3 in Resources */,
				CE39A87A243C6E5B00BEAE74 /* Beep.mp3 in Resources */,
				CE39A876243C6C1A00BEAE74 /* AnnoyingAlarmClock.mp3 in Resources */,
				BF405C5C2436F993004EE3E2 /* Assets.xcassets in Resources */,
				CE39A869243C6C1A00BEAE74 /* Horn.mp3 in Resources */,
				83B54142243DC98200049C41 /* RepeatDay.storyboard in Resources */,
				CE39A86B243C6C1A00BEAE74 /* OldFashionedOldBell.mp3 in Resources */,
				CE39A86E243C6C1A00BEAE74 /* OldFashionedSchoolBell.mp3 in Resources */,
				CE39A86D243C6C1A00BEAE74 /* ShipBrassBell.mp3 in Resources */,
				BF405C5A2436F992004EE3E2 /* Main.storyboard in Resources */,
				83B540B0243C30CF00049C41 /* Sound.storyboard in Resources */,
			);
			runOnlyForDeploymentPostprocessing = 0;
		};
/* End PBXResourcesBuildPhase section */

/* Begin PBXSourcesBuildPhase section */
		BF405C4B2436F992004EE3E2 /* Sources */ = {
			isa = PBXSourcesBuildPhase;
			buildActionMask = 2147483647;
			files = (
				83B54140243DC44D00049C41 /* AddAlarmViewController.swift in Sources */,
				BF405C572436F992004EE3E2 /* MainViewController.swift in Sources */,
				83B5414E243DD67900049C41 /* SettingAlarmTableViewController.swift in Sources */,
				CE6A141924372710000F1407 /* SoundController.swift in Sources */,
				CE7D20FD2440D27C00C3B2CD /* OnboardVC.swift in Sources */,
				83B54148243DD1D500049C41 /* AlarmLabelViewController.swift in Sources */,
				833321332444279E00D3BBF4 /* AlarmDataModel.xcdatamodeld in Sources */,
				CE88D88C243C36FF00F8F19B /* SoundModel.swift in Sources */,
				83B5414A243DD4D600049C41 /* AlarmViewCell.swift in Sources */,
				BF405C532436F992004EE3E2 /* AppDelegate.swift in Sources */,
				83B54146243DCEBB00049C41 /* RepeatDayViewController.swift in Sources */,
				ABEE0CB2243F600D00415D66 /* AlarmModel.swift in Sources */,
			);
			runOnlyForDeploymentPostprocessing = 0;
		};
/* End PBXSourcesBuildPhase section */

/* Begin PBXVariantGroup section */
		BF405C582436F992004EE3E2 /* Main.storyboard */ = {
			isa = PBXVariantGroup;
			children = (
				BF405C592436F992004EE3E2 /* Base */,
			);
			name = Main.storyboard;
			sourceTree = "<group>";
		};
		BF405C5D2436F993004EE3E2 /* LaunchScreen.storyboard */ = {
			isa = PBXVariantGroup;
			children = (
				BF405C5E2436F993004EE3E2 /* Base */,
			);
			name = LaunchScreen.storyboard;
			sourceTree = "<group>";
		};
/* End PBXVariantGroup section */

/* Begin XCBuildConfiguration section */
		BF405C612436F993004EE3E2 /* Debug */ = {
			isa = XCBuildConfiguration;
			buildSettings = {
				ALWAYS_SEARCH_USER_PATHS = NO;
				CLANG_ANALYZER_NONNULL = YES;
				CLANG_ANALYZER_NUMBER_OBJECT_CONVERSION = YES_AGGRESSIVE;
				CLANG_CXX_LANGUAGE_STANDARD = "gnu++14";
				CLANG_CXX_LIBRARY = "libc++";
				CLANG_ENABLE_MODULES = YES;
				CLANG_ENABLE_OBJC_ARC = YES;
				CLANG_ENABLE_OBJC_WEAK = YES;
				CLANG_WARN_BLOCK_CAPTURE_AUTORELEASING = YES;
				CLANG_WARN_BOOL_CONVERSION = YES;
				CLANG_WARN_COMMA = YES;
				CLANG_WARN_CONSTANT_CONVERSION = YES;
				CLANG_WARN_DEPRECATED_OBJC_IMPLEMENTATIONS = YES;
				CLANG_WARN_DIRECT_OBJC_ISA_USAGE = YES_ERROR;
				CLANG_WARN_DOCUMENTATION_COMMENTS = YES;
				CLANG_WARN_EMPTY_BODY = YES;
				CLANG_WARN_ENUM_CONVERSION = YES;
				CLANG_WARN_INFINITE_RECURSION = YES;
				CLANG_WARN_INT_CONVERSION = YES;
				CLANG_WARN_NON_LITERAL_NULL_CONVERSION = YES;
				CLANG_WARN_OBJC_IMPLICIT_RETAIN_SELF = YES;
				CLANG_WARN_OBJC_LITERAL_CONVERSION = YES;
				CLANG_WARN_OBJC_ROOT_CLASS = YES_ERROR;
				CLANG_WARN_RANGE_LOOP_ANALYSIS = YES;
				CLANG_WARN_STRICT_PROTOTYPES = YES;
				CLANG_WARN_SUSPICIOUS_MOVE = YES;
				CLANG_WARN_UNGUARDED_AVAILABILITY = YES_AGGRESSIVE;
				CLANG_WARN_UNREACHABLE_CODE = YES;
				CLANG_WARN__DUPLICATE_METHOD_MATCH = YES;
				COPY_PHASE_STRIP = NO;
				DEBUG_INFORMATION_FORMAT = dwarf;
				ENABLE_STRICT_OBJC_MSGSEND = YES;
				ENABLE_TESTABILITY = YES;
				GCC_C_LANGUAGE_STANDARD = gnu11;
				GCC_DYNAMIC_NO_PIC = NO;
				GCC_NO_COMMON_BLOCKS = YES;
				GCC_OPTIMIZATION_LEVEL = 0;
				GCC_PREPROCESSOR_DEFINITIONS = (
					"DEBUG=1",
					"$(inherited)",
				);
				GCC_WARN_64_TO_32_BIT_CONVERSION = YES;
				GCC_WARN_ABOUT_RETURN_TYPE = YES_ERROR;
				GCC_WARN_UNDECLARED_SELECTOR = YES;
				GCC_WARN_UNINITIALIZED_AUTOS = YES_AGGRESSIVE;
				GCC_WARN_UNUSED_FUNCTION = YES;
				GCC_WARN_UNUSED_VARIABLE = YES;
				IPHONEOS_DEPLOYMENT_TARGET = 13.0;
				MTL_ENABLE_DEBUG_INFO = INCLUDE_SOURCE;
				MTL_FAST_MATH = YES;
				ONLY_ACTIVE_ARCH = YES;
				SDKROOT = iphoneos;
				SWIFT_ACTIVE_COMPILATION_CONDITIONS = DEBUG;
				SWIFT_OPTIMIZATION_LEVEL = "-Onone";
			};
			name = Debug;
		};
		BF405C622436F993004EE3E2 /* Release */ = {
			isa = XCBuildConfiguration;
			buildSettings = {
				ALWAYS_SEARCH_USER_PATHS = NO;
				CLANG_ANALYZER_NONNULL = YES;
				CLANG_ANALYZER_NUMBER_OBJECT_CONVERSION = YES_AGGRESSIVE;
				CLANG_CXX_LANGUAGE_STANDARD = "gnu++14";
				CLANG_CXX_LIBRARY = "libc++";
				CLANG_ENABLE_MODULES = YES;
				CLANG_ENABLE_OBJC_ARC = YES;
				CLANG_ENABLE_OBJC_WEAK = YES;
				CLANG_WARN_BLOCK_CAPTURE_AUTORELEASING = YES;
				CLANG_WARN_BOOL_CONVERSION = YES;
				CLANG_WARN_COMMA = YES;
				CLANG_WARN_CONSTANT_CONVERSION = YES;
				CLANG_WARN_DEPRECATED_OBJC_IMPLEMENTATIONS = YES;
				CLANG_WARN_DIRECT_OBJC_ISA_USAGE = YES_ERROR;
				CLANG_WARN_DOCUMENTATION_COMMENTS = YES;
				CLANG_WARN_EMPTY_BODY = YES;
				CLANG_WARN_ENUM_CONVERSION = YES;
				CLANG_WARN_INFINITE_RECURSION = YES;
				CLANG_WARN_INT_CONVERSION = YES;
				CLANG_WARN_NON_LITERAL_NULL_CONVERSION = YES;
				CLANG_WARN_OBJC_IMPLICIT_RETAIN_SELF = YES;
				CLANG_WARN_OBJC_LITERAL_CONVERSION = YES;
				CLANG_WARN_OBJC_ROOT_CLASS = YES_ERROR;
				CLANG_WARN_RANGE_LOOP_ANALYSIS = YES;
				CLANG_WARN_STRICT_PROTOTYPES = YES;
				CLANG_WARN_SUSPICIOUS_MOVE = YES;
				CLANG_WARN_UNGUARDED_AVAILABILITY = YES_AGGRESSIVE;
				CLANG_WARN_UNREACHABLE_CODE = YES;
				CLANG_WARN__DUPLICATE_METHOD_MATCH = YES;
				COPY_PHASE_STRIP = NO;
				DEBUG_INFORMATION_FORMAT = "dwarf-with-dsym";
				ENABLE_NS_ASSERTIONS = NO;
				ENABLE_STRICT_OBJC_MSGSEND = YES;
				GCC_C_LANGUAGE_STANDARD = gnu11;
				GCC_NO_COMMON_BLOCKS = YES;
				GCC_WARN_64_TO_32_BIT_CONVERSION = YES;
				GCC_WARN_ABOUT_RETURN_TYPE = YES_ERROR;
				GCC_WARN_UNDECLARED_SELECTOR = YES;
				GCC_WARN_UNINITIALIZED_AUTOS = YES_AGGRESSIVE;
				GCC_WARN_UNUSED_FUNCTION = YES;
				GCC_WARN_UNUSED_VARIABLE = YES;
				IPHONEOS_DEPLOYMENT_TARGET = 13.0;
				MTL_ENABLE_DEBUG_INFO = NO;
				MTL_FAST_MATH = YES;
				SDKROOT = iphoneos;
				SWIFT_COMPILATION_MODE = wholemodule;
				SWIFT_OPTIMIZATION_LEVEL = "-O";
				VALIDATE_PRODUCT = YES;
			};
			name = Release;
		};
		BF405C642436F993004EE3E2 /* Debug */ = {
			isa = XCBuildConfiguration;
			buildSettings = {
				ASSETCATALOG_COMPILER_APPICON_NAME = AppIcon;
				CODE_SIGN_STYLE = Automatic;
				INFOPLIST_FILE = "mc1g3-ryse/Info.plist";
				LD_RUNPATH_SEARCH_PATHS = (
					"$(inherited)",
					"@executable_path/Frameworks",
				);
				PRODUCT_BUNDLE_IDENTIFIER = "com.mc1g3-ryse";
				PRODUCT_NAME = "$(TARGET_NAME)";
				SWIFT_VERSION = 5.0;
				TARGETED_DEVICE_FAMILY = "1,2";
			};
			name = Debug;
		};
		BF405C652436F993004EE3E2 /* Release */ = {
			isa = XCBuildConfiguration;
			buildSettings = {
				ASSETCATALOG_COMPILER_APPICON_NAME = AppIcon;
				CODE_SIGN_STYLE = Automatic;
				INFOPLIST_FILE = "mc1g3-ryse/Info.plist";
				LD_RUNPATH_SEARCH_PATHS = (
					"$(inherited)",
					"@executable_path/Frameworks",
				);
				PRODUCT_BUNDLE_IDENTIFIER = "com.mc1g3-ryse";
				PRODUCT_NAME = "$(TARGET_NAME)";
				SWIFT_VERSION = 5.0;
				TARGETED_DEVICE_FAMILY = "1,2";
			};
			name = Release;
		};
/* End XCBuildConfiguration section */

/* Begin XCConfigurationList section */
		BF405C4A2436F992004EE3E2 /* Build configuration list for PBXProject "mc1g3-ryse" */ = {
			isa = XCConfigurationList;
			buildConfigurations = (
				BF405C612436F993004EE3E2 /* Debug */,
				BF405C622436F993004EE3E2 /* Release */,
			);
			defaultConfigurationIsVisible = 0;
			defaultConfigurationName = Release;
		};
		BF405C632436F993004EE3E2 /* Build configuration list for PBXNativeTarget "mc1g3-ryse" */ = {
			isa = XCConfigurationList;
			buildConfigurations = (
				BF405C642436F993004EE3E2 /* Debug */,
				BF405C652436F993004EE3E2 /* Release */,
			);
			defaultConfigurationIsVisible = 0;
			defaultConfigurationName = Release;
		};
/* End XCConfigurationList section */

/* Begin XCVersionGroup section */
		833321312444279E00D3BBF4 /* AlarmDataModel.xcdatamodeld */ = {
			isa = XCVersionGroup;
			children = (
				833321322444279E00D3BBF4 /* AlarmDataModel.xcdatamodel */,
			);
			currentVersion = 833321322444279E00D3BBF4 /* AlarmDataModel.xcdatamodel */;
			path = AlarmDataModel.xcdatamodeld;
			sourceTree = "<group>";
			versionGroupType = wrapper.xcdatamodel;
		};
/* End XCVersionGroup section */
	};
	rootObject = BF405C472436F992004EE3E2 /* Project object */;
}
