// !$*UTF8*$!
{
	archiveVersion = 1;
	classes = {
	};
	objectVersion = 50;
	objects = {

/* Begin PBXBuildFile section */
		83B54065243C2AEA00049C41 /* SettingAlarm.storyboard in Resources */ = {isa = PBXBuildFile; fileRef = 83B54064243C2AEA00049C41 /* SettingAlarm.storyboard */; };
		83B54067243C2AF600049C41 /* Challenge.storyboard in Resources */ = {isa = PBXBuildFile; fileRef = 83B54066243C2AF600049C41 /* Challenge.storyboard */; };
		83B540B0243C30CF00049C41 /* Sound.storyboard in Resources */ = {isa = PBXBuildFile; fileRef = 83B540AF243C30CF00049C41 /* Sound.storyboard */; };
		BF405C532436F992004EE3E2 /* AppDelegate.swift in Sources */ = {isa = PBXBuildFile; fileRef = BF405C522436F992004EE3E2 /* AppDelegate.swift */; };
		BF405C552436F992004EE3E2 /* SceneDelegate.swift in Sources */ = {isa = PBXBuildFile; fileRef = BF405C542436F992004EE3E2 /* SceneDelegate.swift */; };
		BF405C572436F992004EE3E2 /* MainViewController.swift in Sources */ = {isa = PBXBuildFile; fileRef = BF405C562436F992004EE3E2 /* MainViewController.swift */; };
		BF405C5A2436F992004EE3E2 /* Main.storyboard in Resources */ = {isa = PBXBuildFile; fileRef = BF405C582436F992004EE3E2 /* Main.storyboard */; };
		BF405C5C2436F993004EE3E2 /* Assets.xcassets in Resources */ = {isa = PBXBuildFile; fileRef = BF405C5B2436F993004EE3E2 /* Assets.xcassets */; };
		BF405C5F2436F993004EE3E2 /* LaunchScreen.storyboard in Resources */ = {isa = PBXBuildFile; fileRef = BF405C5D2436F993004EE3E2 /* LaunchScreen.storyboard */; };
		CE1DC306243DC4E800F21457 /* SF-Pro-Text-Ultralight.otf in Resources */ = {isa = PBXBuildFile; fileRef = CE1DC2F4243DC4E700F21457 /* SF-Pro-Text-Ultralight.otf */; };
		CE1DC307243DC4E800F21457 /* SF-Pro-Text-Bold.otf in Resources */ = {isa = PBXBuildFile; fileRef = CE1DC2F5243DC4E700F21457 /* SF-Pro-Text-Bold.otf */; };
		CE1DC308243DC4E800F21457 /* SF-Pro-Text-Regular.otf in Resources */ = {isa = PBXBuildFile; fileRef = CE1DC2F6243DC4E700F21457 /* SF-Pro-Text-Regular.otf */; };
		CE1DC309243DC4E800F21457 /* SF-Pro-Text-ThinItalic.otf in Resources */ = {isa = PBXBuildFile; fileRef = CE1DC2F7243DC4E700F21457 /* SF-Pro-Text-ThinItalic.otf */; };
		CE1DC30A243DC4E800F21457 /* SF-Pro-Text-Medium.otf in Resources */ = {isa = PBXBuildFile; fileRef = CE1DC2F8243DC4E700F21457 /* SF-Pro-Text-Medium.otf */; };
		CE1DC30B243DC4E800F21457 /* SF-Pro-Text-Light.otf in Resources */ = {isa = PBXBuildFile; fileRef = CE1DC2F9243DC4E700F21457 /* SF-Pro-Text-Light.otf */; };
		CE1DC30C243DC4E800F21457 /* SF-Pro-Text-HeavyItalic.otf in Resources */ = {isa = PBXBuildFile; fileRef = CE1DC2FA243DC4E700F21457 /* SF-Pro-Text-HeavyItalic.otf */; };
		CE1DC30D243DC4E800F21457 /* SF-Pro-Text-Thin.otf in Resources */ = {isa = PBXBuildFile; fileRef = CE1DC2FB243DC4E700F21457 /* SF-Pro-Text-Thin.otf */; };
		CE1DC30E243DC4E800F21457 /* SF-Pro-Text-Semibold.otf in Resources */ = {isa = PBXBuildFile; fileRef = CE1DC2FC243DC4E700F21457 /* SF-Pro-Text-Semibold.otf */; };
		CE1DC30F243DC4E800F21457 /* SF-Pro-Text-Black.otf in Resources */ = {isa = PBXBuildFile; fileRef = CE1DC2FD243DC4E800F21457 /* SF-Pro-Text-Black.otf */; };
		CE1DC310243DC4E800F21457 /* SF-Pro-Text-MediumItalic.otf in Resources */ = {isa = PBXBuildFile; fileRef = CE1DC2FE243DC4E800F21457 /* SF-Pro-Text-MediumItalic.otf */; };
		CE1DC311243DC4E800F21457 /* SF-Pro-Text-UltralightItalic.otf in Resources */ = {isa = PBXBuildFile; fileRef = CE1DC2FF243DC4E800F21457 /* SF-Pro-Text-UltralightItalic.otf */; };
		CE1DC312243DC4E800F21457 /* SF-Pro-Text-Heavy.otf in Resources */ = {isa = PBXBuildFile; fileRef = CE1DC300243DC4E800F21457 /* SF-Pro-Text-Heavy.otf */; };
		CE1DC313243DC4E800F21457 /* SF-Pro-Text-RegularItalic.otf in Resources */ = {isa = PBXBuildFile; fileRef = CE1DC301243DC4E800F21457 /* SF-Pro-Text-RegularItalic.otf */; };
		CE1DC314243DC4E800F21457 /* SF-Pro-Text-BlackItalic.otf in Resources */ = {isa = PBXBuildFile; fileRef = CE1DC302243DC4E800F21457 /* SF-Pro-Text-BlackItalic.otf */; };
		CE1DC315243DC4E800F21457 /* SF-Pro-Text-BoldItalic.otf in Resources */ = {isa = PBXBuildFile; fileRef = CE1DC303243DC4E800F21457 /* SF-Pro-Text-BoldItalic.otf */; };
		CE1DC316243DC4E800F21457 /* SF-Pro-Text-SemiboldItalic.otf in Resources */ = {isa = PBXBuildFile; fileRef = CE1DC304243DC4E800F21457 /* SF-Pro-Text-SemiboldItalic.otf */; };
		CE1DC317243DC4E800F21457 /* SF-Pro-Text-LightItalic.otf in Resources */ = {isa = PBXBuildFile; fileRef = CE1DC305243DC4E800F21457 /* SF-Pro-Text-LightItalic.otf */; };
		CE39A864243C6C1A00BEAE74 /* BusySignal.mp3 in Resources */ = {isa = PBXBuildFile; fileRef = CE39A851243C6C1A00BEAE74 /* BusySignal.mp3 */; };
		CE39A865243C6C1A00BEAE74 /* TempleBellBigger.mp3 in Resources */ = {isa = PBXBuildFile; fileRef = CE39A852243C6C1A00BEAE74 /* TempleBellBigger.mp3 */; };
		CE39A866243C6C1A00BEAE74 /* TornadoSiren2.mp3 in Resources */ = {isa = PBXBuildFile; fileRef = CE39A853243C6C1A00BEAE74 /* TornadoSiren2.mp3 */; };
		CE39A867243C6C1A00BEAE74 /* BombSiren.mp3 in Resources */ = {isa = PBXBuildFile; fileRef = CE39A854243C6C1A00BEAE74 /* BombSiren.mp3 */; };
		CE39A868243C6C1A00BEAE74 /* Bleep.mp3 in Resources */ = {isa = PBXBuildFile; fileRef = CE39A855243C6C1A00BEAE74 /* Bleep.mp3 */; };
		CE39A869243C6C1A00BEAE74 /* Horn.mp3 in Resources */ = {isa = PBXBuildFile; fileRef = CE39A856243C6C1A00BEAE74 /* Horn.mp3 */; };
		CE39A86A243C6C1A00BEAE74 /* Siren.mp3 in Resources */ = {isa = PBXBuildFile; fileRef = CE39A857243C6C1A00BEAE74 /* Siren.mp3 */; };
		CE39A86B243C6C1A00BEAE74 /* OldFashionedOldBell.mp3 in Resources */ = {isa = PBXBuildFile; fileRef = CE39A858243C6C1A00BEAE74 /* OldFashionedOldBell.mp3 */; };
		CE39A86C243C6C1A00BEAE74 /* Metronome.mp3 in Resources */ = {isa = PBXBuildFile; fileRef = CE39A859243C6C1A00BEAE74 /* Metronome.mp3 */; };
		CE39A86D243C6C1A00BEAE74 /* ShipBrassBell.mp3 in Resources */ = {isa = PBXBuildFile; fileRef = CE39A85A243C6C1A00BEAE74 /* ShipBrassBell.mp3 */; };
		CE39A86E243C6C1A00BEAE74 /* OldFashionedSchoolBell.mp3 in Resources */ = {isa = PBXBuildFile; fileRef = CE39A85B243C6C1A00BEAE74 /* OldFashionedSchoolBell.mp3 */; };
		CE39A86F243C6C1A00BEAE74 /* LoudAlarmClockBuzzer.mp3 in Resources */ = {isa = PBXBuildFile; fileRef = CE39A85C243C6C1A00BEAE74 /* LoudAlarmClockBuzzer.mp3 */; };
		CE39A870243C6C1A00BEAE74 /* ZombieDemonSpawn.mp3 in Resources */ = {isa = PBXBuildFile; fileRef = CE39A85D243C6C1A00BEAE74 /* ZombieDemonSpawn.mp3 */; };
		CE39A871243C6C1A00BEAE74 /* FirePager.mp3 in Resources */ = {isa = PBXBuildFile; fileRef = CE39A85E243C6C1A00BEAE74 /* FirePager.mp3 */; };
		CE39A872243C6C1A00BEAE74 /* Rooster.mp3 in Resources */ = {isa = PBXBuildFile; fileRef = CE39A85F243C6C1A00BEAE74 /* Rooster.mp3 */; };
		CE39A873243C6C1A00BEAE74 /* JapaneseTempleBellSmall.mp3 in Resources */ = {isa = PBXBuildFile; fileRef = CE39A860243C6C1A00BEAE74 /* JapaneseTempleBellSmall.mp3 */; };
		CE39A874243C6C1A00BEAE74 /* MetalMetronome.mp3 in Resources */ = {isa = PBXBuildFile; fileRef = CE39A861243C6C1A00BEAE74 /* MetalMetronome.mp3 */; };
		CE39A875243C6C1A00BEAE74 /* StoreDoor.mp3 in Resources */ = {isa = PBXBuildFile; fileRef = CE39A862243C6C1A00BEAE74 /* StoreDoor.mp3 */; };
		CE39A876243C6C1A00BEAE74 /* AnnoyingAlarmClock.mp3 in Resources */ = {isa = PBXBuildFile; fileRef = CE39A863243C6C1A00BEAE74 /* AnnoyingAlarmClock.mp3 */; };
		CE39A878243C6E4700BEAE74 /* AnalogWatchAlarm.mp3 in Resources */ = {isa = PBXBuildFile; fileRef = CE39A877243C6E4700BEAE74 /* AnalogWatchAlarm.mp3 */; };
		CE39A87A243C6E5B00BEAE74 /* Beep.mp3 in Resources */ = {isa = PBXBuildFile; fileRef = CE39A879243C6E5B00BEAE74 /* Beep.mp3 */; };
		CE6A141924372710000F1407 /* SoundController.swift in Sources */ = {isa = PBXBuildFile; fileRef = CE6A141824372710000F1407 /* SoundController.swift */; };
		CE88D88C243C36FF00F8F19B /* SoundModel.swift in Sources */ = {isa = PBXBuildFile; fileRef = CE88D88B243C36FF00F8F19B /* SoundModel.swift */; };
		CE88D890243C637300F8F19B /* AVFoundation.framework in Frameworks */ = {isa = PBXBuildFile; fileRef = CE88D88E243C57AF00F8F19B /* AVFoundation.framework */; };
/* End PBXBuildFile section */

/* Begin PBXFileReference section */
		83B54064243C2AEA00049C41 /* SettingAlarm.storyboard */ = {isa = PBXFileReference; lastKnownFileType = file.storyboard; path = SettingAlarm.storyboard; sourceTree = "<group>"; };
		83B54066243C2AF600049C41 /* Challenge.storyboard */ = {isa = PBXFileReference; lastKnownFileType = file.storyboard; path = Challenge.storyboard; sourceTree = "<group>"; };
		83B540AF243C30CF00049C41 /* Sound.storyboard */ = {isa = PBXFileReference; lastKnownFileType = file.storyboard; path = Sound.storyboard; sourceTree = "<group>"; };
		BF405C4F2436F992004EE3E2 /* mc1g3-ryse.app */ = {isa = PBXFileReference; explicitFileType = wrapper.application; includeInIndex = 0; path = "mc1g3-ryse.app"; sourceTree = BUILT_PRODUCTS_DIR; };
		BF405C522436F992004EE3E2 /* AppDelegate.swift */ = {isa = PBXFileReference; lastKnownFileType = sourcecode.swift; path = AppDelegate.swift; sourceTree = "<group>"; };
		BF405C542436F992004EE3E2 /* SceneDelegate.swift */ = {isa = PBXFileReference; lastKnownFileType = sourcecode.swift; path = SceneDelegate.swift; sourceTree = "<group>"; };
		BF405C562436F992004EE3E2 /* MainViewController.swift */ = {isa = PBXFileReference; lastKnownFileType = sourcecode.swift; path = MainViewController.swift; sourceTree = "<group>"; };
		BF405C592436F992004EE3E2 /* Base */ = {isa = PBXFileReference; lastKnownFileType = file.storyboard; name = Base; path = Base.lproj/Main.storyboard; sourceTree = "<group>"; };
		BF405C5B2436F993004EE3E2 /* Assets.xcassets */ = {isa = PBXFileReference; lastKnownFileType = folder.assetcatalog; path = Assets.xcassets; sourceTree = "<group>"; };
		BF405C5E2436F993004EE3E2 /* Base */ = {isa = PBXFileReference; lastKnownFileType = file.storyboard; name = Base; path = Base.lproj/LaunchScreen.storyboard; sourceTree = "<group>"; };
		BF405C602436F993004EE3E2 /* Info.plist */ = {isa = PBXFileReference; lastKnownFileType = text.plist.xml; path = Info.plist; sourceTree = "<group>"; };
		CE1DC2F4243DC4E700F21457 /* SF-Pro-Text-Ultralight.otf */ = {isa = PBXFileReference; lastKnownFileType = file; path = "SF-Pro-Text-Ultralight.otf"; sourceTree = "<group>"; };
		CE1DC2F5243DC4E700F21457 /* SF-Pro-Text-Bold.otf */ = {isa = PBXFileReference; lastKnownFileType = file; path = "SF-Pro-Text-Bold.otf"; sourceTree = "<group>"; };
		CE1DC2F6243DC4E700F21457 /* SF-Pro-Text-Regular.otf */ = {isa = PBXFileReference; lastKnownFileType = file; path = "SF-Pro-Text-Regular.otf"; sourceTree = "<group>"; };
		CE1DC2F7243DC4E700F21457 /* SF-Pro-Text-ThinItalic.otf */ = {isa = PBXFileReference; lastKnownFileType = file; path = "SF-Pro-Text-ThinItalic.otf"; sourceTree = "<group>"; };
		CE1DC2F8243DC4E700F21457 /* SF-Pro-Text-Medium.otf */ = {isa = PBXFileReference; lastKnownFileType = file; path = "SF-Pro-Text-Medium.otf"; sourceTree = "<group>"; };
		CE1DC2F9243DC4E700F21457 /* SF-Pro-Text-Light.otf */ = {isa = PBXFileReference; lastKnownFileType = file; path = "SF-Pro-Text-Light.otf"; sourceTree = "<group>"; };
		CE1DC2FA243DC4E700F21457 /* SF-Pro-Text-HeavyItalic.otf */ = {isa = PBXFileReference; lastKnownFileType = file; path = "SF-Pro-Text-HeavyItalic.otf"; sourceTree = "<group>"; };
		CE1DC2FB243DC4E700F21457 /* SF-Pro-Text-Thin.otf */ = {isa = PBXFileReference; lastKnownFileType = file; path = "SF-Pro-Text-Thin.otf"; sourceTree = "<group>"; };
		CE1DC2FC243DC4E700F21457 /* SF-Pro-Text-Semibold.otf */ = {isa = PBXFileReference; lastKnownFileType = file; path = "SF-Pro-Text-Semibold.otf"; sourceTree = "<group>"; };
		CE1DC2FD243DC4E800F21457 /* SF-Pro-Text-Black.otf */ = {isa = PBXFileReference; lastKnownFileType = file; path = "SF-Pro-Text-Black.otf"; sourceTree = "<group>"; };
		CE1DC2FE243DC4E800F21457 /* SF-Pro-Text-MediumItalic.otf */ = {isa = PBXFileReference; lastKnownFileType = file; path = "SF-Pro-Text-MediumItalic.otf"; sourceTree = "<group>"; };
		CE1DC2FF243DC4E800F21457 /* SF-Pro-Text-UltralightItalic.otf */ = {isa = PBXFileReference; lastKnownFileType = file; path = "SF-Pro-Text-UltralightItalic.otf"; sourceTree = "<group>"; };
		CE1DC300243DC4E800F21457 /* SF-Pro-Text-Heavy.otf */ = {isa = PBXFileReference; lastKnownFileType = file; path = "SF-Pro-Text-Heavy.otf"; sourceTree = "<group>"; };
		CE1DC301243DC4E800F21457 /* SF-Pro-Text-RegularItalic.otf */ = {isa = PBXFileReference; lastKnownFileType = file; path = "SF-Pro-Text-RegularItalic.otf"; sourceTree = "<group>"; };
		CE1DC302243DC4E800F21457 /* SF-Pro-Text-BlackItalic.otf */ = {isa = PBXFileReference; lastKnownFileType = file; path = "SF-Pro-Text-BlackItalic.otf"; sourceTree = "<group>"; };
		CE1DC303243DC4E800F21457 /* SF-Pro-Text-BoldItalic.otf */ = {isa = PBXFileReference; lastKnownFileType = file; path = "SF-Pro-Text-BoldItalic.otf"; sourceTree = "<group>"; };
		CE1DC304243DC4E800F21457 /* SF-Pro-Text-SemiboldItalic.otf */ = {isa = PBXFileReference; lastKnownFileType = file; path = "SF-Pro-Text-SemiboldItalic.otf"; sourceTree = "<group>"; };
		CE1DC305243DC4E800F21457 /* SF-Pro-Text-LightItalic.otf */ = {isa = PBXFileReference; lastKnownFileType = file; path = "SF-Pro-Text-LightItalic.otf"; sourceTree = "<group>"; };
		CE39A851243C6C1A00BEAE74 /* BusySignal.mp3 */ = {isa = PBXFileReference; lastKnownFileType = audio.mp3; path = BusySignal.mp3; sourceTree = "<group>"; };
		CE39A852243C6C1A00BEAE74 /* TempleBellBigger.mp3 */ = {isa = PBXFileReference; lastKnownFileType = audio.mp3; path = TempleBellBigger.mp3; sourceTree = "<group>"; };
		CE39A853243C6C1A00BEAE74 /* TornadoSiren2.mp3 */ = {isa = PBXFileReference; lastKnownFileType = audio.mp3; path = TornadoSiren2.mp3; sourceTree = "<group>"; };
		CE39A854243C6C1A00BEAE74 /* BombSiren.mp3 */ = {isa = PBXFileReference; lastKnownFileType = audio.mp3; path = BombSiren.mp3; sourceTree = "<group>"; };
		CE39A855243C6C1A00BEAE74 /* Bleep.mp3 */ = {isa = PBXFileReference; lastKnownFileType = audio.mp3; path = Bleep.mp3; sourceTree = "<group>"; };
		CE39A856243C6C1A00BEAE74 /* Horn.mp3 */ = {isa = PBXFileReference; lastKnownFileType = audio.mp3; path = Horn.mp3; sourceTree = "<group>"; };
		CE39A857243C6C1A00BEAE74 /* Siren.mp3 */ = {isa = PBXFileReference; lastKnownFileType = audio.mp3; path = Siren.mp3; sourceTree = "<group>"; };
		CE39A858243C6C1A00BEAE74 /* OldFashionedOldBell.mp3 */ = {isa = PBXFileReference; lastKnownFileType = audio.mp3; path = OldFashionedOldBell.mp3; sourceTree = "<group>"; };
		CE39A859243C6C1A00BEAE74 /* Metronome.mp3 */ = {isa = PBXFileReference; lastKnownFileType = audio.mp3; path = Metronome.mp3; sourceTree = "<group>"; };
		CE39A85A243C6C1A00BEAE74 /* ShipBrassBell.mp3 */ = {isa = PBXFileReference; lastKnownFileType = audio.mp3; path = ShipBrassBell.mp3; sourceTree = "<group>"; };
		CE39A85B243C6C1A00BEAE74 /* OldFashionedSchoolBell.mp3 */ = {isa = PBXFileReference; lastKnownFileType = audio.mp3; path = OldFashionedSchoolBell.mp3; sourceTree = "<group>"; };
		CE39A85C243C6C1A00BEAE74 /* LoudAlarmClockBuzzer.mp3 */ = {isa = PBXFileReference; lastKnownFileType = audio.mp3; path = LoudAlarmClockBuzzer.mp3; sourceTree = "<group>"; };
		CE39A85D243C6C1A00BEAE74 /* ZombieDemonSpawn.mp3 */ = {isa = PBXFileReference; lastKnownFileType = audio.mp3; path = ZombieDemonSpawn.mp3; sourceTree = "<group>"; };
		CE39A85E243C6C1A00BEAE74 /* FirePager.mp3 */ = {isa = PBXFileReference; lastKnownFileType = audio.mp3; path = FirePager.mp3; sourceTree = "<group>"; };
		CE39A85F243C6C1A00BEAE74 /* Rooster.mp3 */ = {isa = PBXFileReference; lastKnownFileType = audio.mp3; path = Rooster.mp3; sourceTree = "<group>"; };
		CE39A860243C6C1A00BEAE74 /* JapaneseTempleBellSmall.mp3 */ = {isa = PBXFileReference; lastKnownFileType = audio.mp3; path = JapaneseTempleBellSmall.mp3; sourceTree = "<group>"; };
		CE39A861243C6C1A00BEAE74 /* MetalMetronome.mp3 */ = {isa = PBXFileReference; lastKnownFileType = audio.mp3; path = MetalMetronome.mp3; sourceTree = "<group>"; };
		CE39A862243C6C1A00BEAE74 /* StoreDoor.mp3 */ = {isa = PBXFileReference; lastKnownFileType = audio.mp3; path = StoreDoor.mp3; sourceTree = "<group>"; };
		CE39A863243C6C1A00BEAE74 /* AnnoyingAlarmClock.mp3 */ = {isa = PBXFileReference; lastKnownFileType = audio.mp3; path = AnnoyingAlarmClock.mp3; sourceTree = "<group>"; };
		CE39A877243C6E4700BEAE74 /* AnalogWatchAlarm.mp3 */ = {isa = PBXFileReference; lastKnownFileType = audio.mp3; path = AnalogWatchAlarm.mp3; sourceTree = "<group>"; };
		CE39A879243C6E5B00BEAE74 /* Beep.mp3 */ = {isa = PBXFileReference; lastKnownFileType = audio.mp3; path = Beep.mp3; sourceTree = "<group>"; };
		CE6A141824372710000F1407 /* SoundController.swift */ = {isa = PBXFileReference; lastKnownFileType = sourcecode.swift; path = SoundController.swift; sourceTree = "<group>"; };
		CE88D88B243C36FF00F8F19B /* SoundModel.swift */ = {isa = PBXFileReference; lastKnownFileType = sourcecode.swift; path = SoundModel.swift; sourceTree = "<group>"; };
		CE88D88E243C57AF00F8F19B /* AVFoundation.framework */ = {isa = PBXFileReference; lastKnownFileType = wrapper.framework; name = AVFoundation.framework; path = System/Library/Frameworks/AVFoundation.framework; sourceTree = SDKROOT; };
/* End PBXFileReference section */

/* Begin PBXFrameworksBuildPhase section */
		BF405C4C2436F992004EE3E2 /* Frameworks */ = {
			isa = PBXFrameworksBuildPhase;
			buildActionMask = 2147483647;
			files = (
				CE88D890243C637300F8F19B /* AVFoundation.framework in Frameworks */,
			);
			runOnlyForDeploymentPostprocessing = 0;
		};
/* End PBXFrameworksBuildPhase section */

/* Begin PBXGroup section */
		83B5406C243C2D9700049C41 /* Controllers */ = {
			isa = PBXGroup;
			children = (
				CE6A141824372710000F1407 /* SoundController.swift */,
				BF405C562436F992004EE3E2 /* MainViewController.swift */,
			);
			path = Controllers;
			sourceTree = "<group>";
		};
		BF405C462436F992004EE3E2 = {
			isa = PBXGroup;
			children = (
				BF405C512436F992004EE3E2 /* mc1g3-ryse */,
				BF405C502436F992004EE3E2 /* Products */,
				CE88D88D243C57AF00F8F19B /* Frameworks */,
			);
			sourceTree = "<group>";
		};
		BF405C502436F992004EE3E2 /* Products */ = {
			isa = PBXGroup;
			children = (
				BF405C4F2436F992004EE3E2 /* mc1g3-ryse.app */,
			);
			name = Products;
			sourceTree = "<group>";
		};
		BF405C512436F992004EE3E2 /* mc1g3-ryse */ = {
			isa = PBXGroup;
			children = (
				CE88D88A243C36E100F8F19B /* Model */,
				BF405C522436F992004EE3E2 /* AppDelegate.swift */,
				BF405C542436F992004EE3E2 /* SceneDelegate.swift */,
				83B5406C243C2D9700049C41 /* Controllers */,
				BF405C582436F992004EE3E2 /* Main.storyboard */,
				83B540AF243C30CF00049C41 /* Sound.storyboard */,
				83B54064243C2AEA00049C41 /* SettingAlarm.storyboard */,
				83B54066243C2AF600049C41 /* Challenge.storyboard */,
				BF405C5D2436F993004EE3E2 /* LaunchScreen.storyboard */,
				BF405C5B2436F993004EE3E2 /* Assets.xcassets */,
				CE1DC318243DC4FB00F21457 /* Fonts */,
				CE39A850243C6C1A00BEAE74 /* sound */,
				BF405C602436F993004EE3E2 /* Info.plist */,
			);
			path = "mc1g3-ryse";
			sourceTree = "<group>";
		};
		CE1DC318243DC4FB00F21457 /* Fonts */ = {
			isa = PBXGroup;
			children = (
				CE1DC2FD243DC4E800F21457 /* SF-Pro-Text-Black.otf */,
				CE1DC302243DC4E800F21457 /* SF-Pro-Text-BlackItalic.otf */,
				CE1DC2F5243DC4E700F21457 /* SF-Pro-Text-Bold.otf */,
				CE1DC303243DC4E800F21457 /* SF-Pro-Text-BoldItalic.otf */,
				CE1DC300243DC4E800F21457 /* SF-Pro-Text-Heavy.otf */,
				CE1DC2FA243DC4E700F21457 /* SF-Pro-Text-HeavyItalic.otf */,
				CE1DC2F9243DC4E700F21457 /* SF-Pro-Text-Light.otf */,
				CE1DC305243DC4E800F21457 /* SF-Pro-Text-LightItalic.otf */,
				CE1DC2F8243DC4E700F21457 /* SF-Pro-Text-Medium.otf */,
				CE1DC2FE243DC4E800F21457 /* SF-Pro-Text-MediumItalic.otf */,
				CE1DC2F6243DC4E700F21457 /* SF-Pro-Text-Regular.otf */,
				CE1DC301243DC4E800F21457 /* SF-Pro-Text-RegularItalic.otf */,
				CE1DC2FC243DC4E700F21457 /* SF-Pro-Text-Semibold.otf */,
				CE1DC304243DC4E800F21457 /* SF-Pro-Text-SemiboldItalic.otf */,
				CE1DC2FB243DC4E700F21457 /* SF-Pro-Text-Thin.otf */,
				CE1DC2F7243DC4E700F21457 /* SF-Pro-Text-ThinItalic.otf */,
				CE1DC2F4243DC4E700F21457 /* SF-Pro-Text-Ultralight.otf */,
				CE1DC2FF243DC4E800F21457 /* SF-Pro-Text-UltralightItalic.otf */,
			);
			path = Fonts;
			sourceTree = "<group>";
		};
		CE39A850243C6C1A00BEAE74 /* sound */ = {
			isa = PBXGroup;
			children = (
				CE39A877243C6E4700BEAE74 /* AnalogWatchAlarm.mp3 */,
				CE39A863243C6C1A00BEAE74 /* AnnoyingAlarmClock.mp3 */,
				CE39A879243C6E5B00BEAE74 /* Beep.mp3 */,
				CE39A855243C6C1A00BEAE74 /* Bleep.mp3 */,
				CE39A854243C6C1A00BEAE74 /* BombSiren.mp3 */,
				CE39A851243C6C1A00BEAE74 /* BusySignal.mp3 */,
				CE39A85E243C6C1A00BEAE74 /* FirePager.mp3 */,
				CE39A856243C6C1A00BEAE74 /* Horn.mp3 */,
				CE39A860243C6C1A00BEAE74 /* JapaneseTempleBellSmall.mp3 */,
				CE39A85C243C6C1A00BEAE74 /* LoudAlarmClockBuzzer.mp3 */,
				CE39A861243C6C1A00BEAE74 /* MetalMetronome.mp3 */,
				CE39A859243C6C1A00BEAE74 /* Metronome.mp3 */,
				CE39A858243C6C1A00BEAE74 /* OldFashionedOldBell.mp3 */,
				CE39A85B243C6C1A00BEAE74 /* OldFashionedSchoolBell.mp3 */,
				CE39A85F243C6C1A00BEAE74 /* Rooster.mp3 */,
				CE39A85A243C6C1A00BEAE74 /* ShipBrassBell.mp3 */,
				CE39A857243C6C1A00BEAE74 /* Siren.mp3 */,
				CE39A862243C6C1A00BEAE74 /* StoreDoor.mp3 */,
				CE39A852243C6C1A00BEAE74 /* TempleBellBigger.mp3 */,
				CE39A853243C6C1A00BEAE74 /* TornadoSiren2.mp3 */,
				CE39A85D243C6C1A00BEAE74 /* ZombieDemonSpawn.mp3 */,
			);
			path = sound;
			sourceTree = "<group>";
		};
		CE88D88A243C36E100F8F19B /* Model */ = {
			isa = PBXGroup;
			children = (
				CE88D88B243C36FF00F8F19B /* SoundModel.swift */,
			);
			path = Model;
			sourceTree = "<group>";
		};
		CE88D88D243C57AF00F8F19B /* Frameworks */ = {
			isa = PBXGroup;
			children = (
				CE88D88E243C57AF00F8F19B /* AVFoundation.framework */,
			);
			name = Frameworks;
			sourceTree = "<group>";
		};
/* End PBXGroup section */

/* Begin PBXNativeTarget section */
		BF405C4E2436F992004EE3E2 /* mc1g3-ryse */ = {
			isa = PBXNativeTarget;
			buildConfigurationList = BF405C632436F993004EE3E2 /* Build configuration list for PBXNativeTarget "mc1g3-ryse" */;
			buildPhases = (
				BF405C4B2436F992004EE3E2 /* Sources */,
				BF405C4C2436F992004EE3E2 /* Frameworks */,
				BF405C4D2436F992004EE3E2 /* Resources */,
			);
			buildRules = (
			);
			dependencies = (
			);
			name = "mc1g3-ryse";
			productName = "mc1g3-ryse";
			productReference = BF405C4F2436F992004EE3E2 /* mc1g3-ryse.app */;
			productType = "com.apple.product-type.application";
		};
/* End PBXNativeTarget section */

/* Begin PBXProject section */
		BF405C472436F992004EE3E2 /* Project object */ = {
			isa = PBXProject;
			attributes = {
				LastSwiftUpdateCheck = 1140;
				LastUpgradeCheck = 1140;
				ORGANIZATIONNAME = "Grace Cindy";
				TargetAttributes = {
					BF405C4E2436F992004EE3E2 = {
						CreatedOnToolsVersion = 11.4;
					};
				};
			};
			buildConfigurationList = BF405C4A2436F992004EE3E2 /* Build configuration list for PBXProject "mc1g3-ryse" */;
			compatibilityVersion = "Xcode 9.3";
			developmentRegion = en;
			hasScannedForEncodings = 0;
			knownRegions = (
				en,
				Base,
			);
			mainGroup = BF405C462436F992004EE3E2;
			productRefGroup = BF405C502436F992004EE3E2 /* Products */;
			projectDirPath = "";
			projectRoot = "";
			targets = (
				BF405C4E2436F992004EE3E2 /* mc1g3-ryse */,
			);
		};
/* End PBXProject section */

/* Begin PBXResourcesBuildPhase section */
		BF405C4D2436F992004EE3E2 /* Resources */ = {
			isa = PBXResourcesBuildPhase;
			buildActionMask = 2147483647;
			files = (
				CE39A871243C6C1A00BEAE74 /* FirePager.mp3 in Resources */,
				CE39A865243C6C1A00BEAE74 /* TempleBellBigger.mp3 in Resources */,
				CE39A868243C6C1A00BEAE74 /* Bleep.mp3 in Resources */,
				CE39A866243C6C1A00BEAE74 /* TornadoSiren2.mp3 in Resources */,
				CE1DC30A243DC4E800F21457 /* SF-Pro-Text-Medium.otf in Resources */,
				CE39A878243C6E4700BEAE74 /* AnalogWatchAlarm.mp3 in Resources */,
				CE39A867243C6C1A00BEAE74 /* BombSiren.mp3 in Resources */,
				CE1DC312243DC4E800F21457 /* SF-Pro-Text-Heavy.otf in Resources */,
				CE1DC316243DC4E800F21457 /* SF-Pro-Text-SemiboldItalic.otf in Resources */,
				CE1DC308243DC4E800F21457 /* SF-Pro-Text-Regular.otf in Resources */,
				CE1DC317243DC4E800F21457 /* SF-Pro-Text-LightItalic.otf in Resources */,
				CE39A873243C6C1A00BEAE74 /* JapaneseTempleBellSmall.mp3 in Resources */,
				CE1DC311243DC4E800F21457 /* SF-Pro-Text-UltralightItalic.otf in Resources */,
				CE1DC307243DC4E800F21457 /* SF-Pro-Text-Bold.otf in Resources */,
				83B54067243C2AF600049C41 /* Challenge.storyboard in Resources */,
				CE1DC315243DC4E800F21457 /* SF-Pro-Text-BoldItalic.otf in Resources */,
				CE1DC313243DC4E800F21457 /* SF-Pro-Text-RegularItalic.otf in Resources */,
				CE1DC30B243DC4E800F21457 /* SF-Pro-Text-Light.otf in Resources */,
				CE39A86F243C6C1A00BEAE74 /* LoudAlarmClockBuzzer.mp3 in Resources */,
				CE39A864243C6C1A00BEAE74 /* BusySignal.mp3 in Resources */,
				CE39A86C243C6C1A00BEAE74 /* Metronome.mp3 in Resources */,
				CE39A870243C6C1A00BEAE74 /* ZombieDemonSpawn.mp3 in Resources */,
				CE39A872243C6C1A00BEAE74 /* Rooster.mp3 in Resources */,
				CE1DC309243DC4E800F21457 /* SF-Pro-Text-ThinItalic.otf in Resources */,
				CE39A875243C6C1A00BEAE74 /* StoreDoor.mp3 in Resources */,
				BF405C5F2436F993004EE3E2 /* LaunchScreen.storyboard in Resources */,
				CE1DC310243DC4E800F21457 /* SF-Pro-Text-MediumItalic.otf in Resources */,
				CE39A86A243C6C1A00BEAE74 /* Siren.mp3 in Resources */,
				83B54065243C2AEA00049C41 /* SettingAlarm.storyboard in Resources */,
				CE39A874243C6C1A00BEAE74 /* MetalMetronome.mp3 in Resources */,
				CE1DC314243DC4E800F21457 /* SF-Pro-Text-BlackItalic.otf in Resources */,
				CE39A87A243C6E5B00BEAE74 /* Beep.mp3 in Resources */,
				CE1DC30F243DC4E800F21457 /* SF-Pro-Text-Black.otf in Resources */,
				CE1DC30E243DC4E800F21457 /* SF-Pro-Text-Semibold.otf in Resources */,
				CE1DC306243DC4E800F21457 /* SF-Pro-Text-Ultralight.otf in Resources */,
				CE39A876243C6C1A00BEAE74 /* AnnoyingAlarmClock.mp3 in Resources */,
				CE1DC30D243DC4E800F21457 /* SF-Pro-Text-Thin.otf in Resources */,
				BF405C5C2436F993004EE3E2 /* Assets.xcassets in Resources */,
				CE39A869243C6C1A00BEAE74 /* Horn.mp3 in Resources */,
				CE39A86B243C6C1A00BEAE74 /* OldFashionedOldBell.mp3 in Resources */,
				CE39A86E243C6C1A00BEAE74 /* OldFashionedSchoolBell.mp3 in Resources */,
				CE39A86D243C6C1A00BEAE74 /* ShipBrassBell.mp3 in Resources */,
				BF405C5A2436F992004EE3E2 /* Main.storyboard in Resources */,
				83B540B0243C30CF00049C41 /* Sound.storyboard in Resources */,
				CE1DC30C243DC4E800F21457 /* SF-Pro-Text-HeavyItalic.otf in Resources */,
			);
			runOnlyForDeploymentPostprocessing = 0;
		};
/* End PBXResourcesBuildPhase section */

/* Begin PBXSourcesBuildPhase section */
		BF405C4B2436F992004EE3E2 /* Sources */ = {
			isa = PBXSourcesBuildPhase;
			buildActionMask = 2147483647;
			files = (
				BF405C572436F992004EE3E2 /* MainViewController.swift in Sources */,
				CE6A141924372710000F1407 /* SoundController.swift in Sources */,
				CE88D88C243C36FF00F8F19B /* SoundModel.swift in Sources */,
				BF405C532436F992004EE3E2 /* AppDelegate.swift in Sources */,
				BF405C552436F992004EE3E2 /* SceneDelegate.swift in Sources */,
			);
			runOnlyForDeploymentPostprocessing = 0;
		};
/* End PBXSourcesBuildPhase section */

/* Begin PBXVariantGroup section */
		BF405C582436F992004EE3E2 /* Main.storyboard */ = {
			isa = PBXVariantGroup;
			children = (
				BF405C592436F992004EE3E2 /* Base */,
			);
			name = Main.storyboard;
			sourceTree = "<group>";
		};
		BF405C5D2436F993004EE3E2 /* LaunchScreen.storyboard */ = {
			isa = PBXVariantGroup;
			children = (
				BF405C5E2436F993004EE3E2 /* Base */,
			);
			name = LaunchScreen.storyboard;
			sourceTree = "<group>";
		};
/* End PBXVariantGroup section */

/* Begin XCBuildConfiguration section */
		BF405C612436F993004EE3E2 /* Debug */ = {
			isa = XCBuildConfiguration;
			buildSettings = {
				ALWAYS_SEARCH_USER_PATHS = NO;
				CLANG_ANALYZER_NONNULL = YES;
				CLANG_ANALYZER_NUMBER_OBJECT_CONVERSION = YES_AGGRESSIVE;
				CLANG_CXX_LANGUAGE_STANDARD = "gnu++14";
				CLANG_CXX_LIBRARY = "libc++";
				CLANG_ENABLE_MODULES = YES;
				CLANG_ENABLE_OBJC_ARC = YES;
				CLANG_ENABLE_OBJC_WEAK = YES;
				CLANG_WARN_BLOCK_CAPTURE_AUTORELEASING = YES;
				CLANG_WARN_BOOL_CONVERSION = YES;
				CLANG_WARN_COMMA = YES;
				CLANG_WARN_CONSTANT_CONVERSION = YES;
				CLANG_WARN_DEPRECATED_OBJC_IMPLEMENTATIONS = YES;
				CLANG_WARN_DIRECT_OBJC_ISA_USAGE = YES_ERROR;
				CLANG_WARN_DOCUMENTATION_COMMENTS = YES;
				CLANG_WARN_EMPTY_BODY = YES;
				CLANG_WARN_ENUM_CONVERSION = YES;
				CLANG_WARN_INFINITE_RECURSION = YES;
				CLANG_WARN_INT_CONVERSION = YES;
				CLANG_WARN_NON_LITERAL_NULL_CONVERSION = YES;
				CLANG_WARN_OBJC_IMPLICIT_RETAIN_SELF = YES;
				CLANG_WARN_OBJC_LITERAL_CONVERSION = YES;
				CLANG_WARN_OBJC_ROOT_CLASS = YES_ERROR;
				CLANG_WARN_RANGE_LOOP_ANALYSIS = YES;
				CLANG_WARN_STRICT_PROTOTYPES = YES;
				CLANG_WARN_SUSPICIOUS_MOVE = YES;
				CLANG_WARN_UNGUARDED_AVAILABILITY = YES_AGGRESSIVE;
				CLANG_WARN_UNREACHABLE_CODE = YES;
				CLANG_WARN__DUPLICATE_METHOD_MATCH = YES;
				COPY_PHASE_STRIP = NO;
				DEBUG_INFORMATION_FORMAT = dwarf;
				ENABLE_STRICT_OBJC_MSGSEND = YES;
				ENABLE_TESTABILITY = YES;
				GCC_C_LANGUAGE_STANDARD = gnu11;
				GCC_DYNAMIC_NO_PIC = NO;
				GCC_NO_COMMON_BLOCKS = YES;
				GCC_OPTIMIZATION_LEVEL = 0;
				GCC_PREPROCESSOR_DEFINITIONS = (
					"DEBUG=1",
					"$(inherited)",
				);
				GCC_WARN_64_TO_32_BIT_CONVERSION = YES;
				GCC_WARN_ABOUT_RETURN_TYPE = YES_ERROR;
				GCC_WARN_UNDECLARED_SELECTOR = YES;
				GCC_WARN_UNINITIALIZED_AUTOS = YES_AGGRESSIVE;
				GCC_WARN_UNUSED_FUNCTION = YES;
				GCC_WARN_UNUSED_VARIABLE = YES;
				IPHONEOS_DEPLOYMENT_TARGET = 13.0;
				MTL_ENABLE_DEBUG_INFO = INCLUDE_SOURCE;
				MTL_FAST_MATH = YES;
				ONLY_ACTIVE_ARCH = YES;
				SDKROOT = iphoneos;
				SWIFT_ACTIVE_COMPILATION_CONDITIONS = DEBUG;
				SWIFT_OPTIMIZATION_LEVEL = "-Onone";
			};
			name = Debug;
		};
		BF405C622436F993004EE3E2 /* Release */ = {
			isa = XCBuildConfiguration;
			buildSettings = {
				ALWAYS_SEARCH_USER_PATHS = NO;
				CLANG_ANALYZER_NONNULL = YES;
				CLANG_ANALYZER_NUMBER_OBJECT_CONVERSION = YES_AGGRESSIVE;
				CLANG_CXX_LANGUAGE_STANDARD = "gnu++14";
				CLANG_CXX_LIBRARY = "libc++";
				CLANG_ENABLE_MODULES = YES;
				CLANG_ENABLE_OBJC_ARC = YES;
				CLANG_ENABLE_OBJC_WEAK = YES;
				CLANG_WARN_BLOCK_CAPTURE_AUTORELEASING = YES;
				CLANG_WARN_BOOL_CONVERSION = YES;
				CLANG_WARN_COMMA = YES;
				CLANG_WARN_CONSTANT_CONVERSION = YES;
				CLANG_WARN_DEPRECATED_OBJC_IMPLEMENTATIONS = YES;
				CLANG_WARN_DIRECT_OBJC_ISA_USAGE = YES_ERROR;
				CLANG_WARN_DOCUMENTATION_COMMENTS = YES;
				CLANG_WARN_EMPTY_BODY = YES;
				CLANG_WARN_ENUM_CONVERSION = YES;
				CLANG_WARN_INFINITE_RECURSION = YES;
				CLANG_WARN_INT_CONVERSION = YES;
				CLANG_WARN_NON_LITERAL_NULL_CONVERSION = YES;
				CLANG_WARN_OBJC_IMPLICIT_RETAIN_SELF = YES;
				CLANG_WARN_OBJC_LITERAL_CONVERSION = YES;
				CLANG_WARN_OBJC_ROOT_CLASS = YES_ERROR;
				CLANG_WARN_RANGE_LOOP_ANALYSIS = YES;
				CLANG_WARN_STRICT_PROTOTYPES = YES;
				CLANG_WARN_SUSPICIOUS_MOVE = YES;
				CLANG_WARN_UNGUARDED_AVAILABILITY = YES_AGGRESSIVE;
				CLANG_WARN_UNREACHABLE_CODE = YES;
				CLANG_WARN__DUPLICATE_METHOD_MATCH = YES;
				COPY_PHASE_STRIP = NO;
				DEBUG_INFORMATION_FORMAT = "dwarf-with-dsym";
				ENABLE_NS_ASSERTIONS = NO;
				ENABLE_STRICT_OBJC_MSGSEND = YES;
				GCC_C_LANGUAGE_STANDARD = gnu11;
				GCC_NO_COMMON_BLOCKS = YES;
				GCC_WARN_64_TO_32_BIT_CONVERSION = YES;
				GCC_WARN_ABOUT_RETURN_TYPE = YES_ERROR;
				GCC_WARN_UNDECLARED_SELECTOR = YES;
				GCC_WARN_UNINITIALIZED_AUTOS = YES_AGGRESSIVE;
				GCC_WARN_UNUSED_FUNCTION = YES;
				GCC_WARN_UNUSED_VARIABLE = YES;
				IPHONEOS_DEPLOYMENT_TARGET = 13.0;
				MTL_ENABLE_DEBUG_INFO = NO;
				MTL_FAST_MATH = YES;
				SDKROOT = iphoneos;
				SWIFT_COMPILATION_MODE = wholemodule;
				SWIFT_OPTIMIZATION_LEVEL = "-O";
				VALIDATE_PRODUCT = YES;
			};
			name = Release;
		};
		BF405C642436F993004EE3E2 /* Debug */ = {
			isa = XCBuildConfiguration;
			buildSettings = {
				ASSETCATALOG_COMPILER_APPICON_NAME = AppIcon;
				CODE_SIGN_STYLE = Automatic;
				INFOPLIST_FILE = "mc1g3-ryse/Info.plist";
				LD_RUNPATH_SEARCH_PATHS = (
					"$(inherited)",
					"@executable_path/Frameworks",
				);
				PRODUCT_BUNDLE_IDENTIFIER = "com.mc1g3-ryse";
				PRODUCT_NAME = "$(TARGET_NAME)";
				SWIFT_VERSION = 5.0;
				TARGETED_DEVICE_FAMILY = "1,2";
			};
			name = Debug;
		};
		BF405C652436F993004EE3E2 /* Release */ = {
			isa = XCBuildConfiguration;
			buildSettings = {
				ASSETCATALOG_COMPILER_APPICON_NAME = AppIcon;
				CODE_SIGN_STYLE = Automatic;
				INFOPLIST_FILE = "mc1g3-ryse/Info.plist";
				LD_RUNPATH_SEARCH_PATHS = (
					"$(inherited)",
					"@executable_path/Frameworks",
				);
				PRODUCT_BUNDLE_IDENTIFIER = "com.mc1g3-ryse";
				PRODUCT_NAME = "$(TARGET_NAME)";
				SWIFT_VERSION = 5.0;
				TARGETED_DEVICE_FAMILY = "1,2";
			};
			name = Release;
		};
/* End XCBuildConfiguration section */

/* Begin XCConfigurationList section */
		BF405C4A2436F992004EE3E2 /* Build configuration list for PBXProject "mc1g3-ryse" */ = {
			isa = XCConfigurationList;
			buildConfigurations = (
				BF405C612436F993004EE3E2 /* Debug */,
				BF405C622436F993004EE3E2 /* Release */,
			);
			defaultConfigurationIsVisible = 0;
			defaultConfigurationName = Release;
		};
		BF405C632436F993004EE3E2 /* Build configuration list for PBXNativeTarget "mc1g3-ryse" */ = {
			isa = XCConfigurationList;
			buildConfigurations = (
				BF405C642436F993004EE3E2 /* Debug */,
				BF405C652436F993004EE3E2 /* Release */,
			);
			defaultConfigurationIsVisible = 0;
			defaultConfigurationName = Release;
		};
/* End XCConfigurationList section */
	};
	rootObject = BF405C472436F992004EE3E2 /* Project object */;
}
