// !$*UTF8*$!
{
	archiveVersion = 1;
	classes = {
	};
	objectVersion = 50;
	objects = {

/* Begin PBXBuildFile section */
		BF405C532436F992004EE3E2 /* AppDelegate.swift in Sources */ = {isa = PBXBuildFile; fileRef = BF405C522436F992004EE3E2 /* AppDelegate.swift */; };
		BF405C552436F992004EE3E2 /* SceneDelegate.swift in Sources */ = {isa = PBXBuildFile; fileRef = BF405C542436F992004EE3E2 /* SceneDelegate.swift */; };
		BF405C572436F992004EE3E2 /* ViewController.swift in Sources */ = {isa = PBXBuildFile; fileRef = BF405C562436F992004EE3E2 /* ViewController.swift */; };
		BF405C5A2436F992004EE3E2 /* Main.storyboard in Resources */ = {isa = PBXBuildFile; fileRef = BF405C582436F992004EE3E2 /* Main.storyboard */; };
		BF405C5C2436F993004EE3E2 /* Assets.xcassets in Resources */ = {isa = PBXBuildFile; fileRef = BF405C5B2436F993004EE3E2 /* Assets.xcassets */; };
		BF405C5F2436F993004EE3E2 /* LaunchScreen.storyboard in Resources */ = {isa = PBXBuildFile; fileRef = BF405C5D2436F993004EE3E2 /* LaunchScreen.storyboard */; };
		BFC4876024371E1E005BDA5D /* Contoh.swift in Sources */ = {isa = PBXBuildFile; fileRef = BFC4875F24371E1E005BDA5D /* Contoh.swift */; };
		CE6A141924372710000F1407 /* SoundController.swift in Sources */ = {isa = PBXBuildFile; fileRef = CE6A141824372710000F1407 /* SoundController.swift */; };
/* End PBXBuildFile section */

/* Begin PBXFileReference section */
		BF405C4F2436F992004EE3E2 /* mc1g3-ryse.app */ = {isa = PBXFileReference; explicitFileType = wrapper.application; includeInIndex = 0; path = "mc1g3-ryse.app"; sourceTree = BUILT_PRODUCTS_DIR; };
		BF405C522436F992004EE3E2 /* AppDelegate.swift */ = {isa = PBXFileReference; lastKnownFileType = sourcecode.swift; path = AppDelegate.swift; sourceTree = "<group>"; };
		BF405C542436F992004EE3E2 /* SceneDelegate.swift */ = {isa = PBXFileReference; lastKnownFileType = sourcecode.swift; path = SceneDelegate.swift; sourceTree = "<group>"; };
		BF405C562436F992004EE3E2 /* ViewController.swift */ = {isa = PBXFileReference; lastKnownFileType = sourcecode.swift; path = ViewController.swift; sourceTree = "<group>"; };
		BF405C592436F992004EE3E2 /* Base */ = {isa = PBXFileReference; lastKnownFileType = file.storyboard; name = Base; path = Base.lproj/Main.storyboard; sourceTree = "<group>"; };
		BF405C5B2436F993004EE3E2 /* Assets.xcassets */ = {isa = PBXFileReference; lastKnownFileType = folder.assetcatalog; path = Assets.xcassets; sourceTree = "<group>"; };
		BF405C5E2436F993004EE3E2 /* Base */ = {isa = PBXFileReference; lastKnownFileType = file.storyboard; name = Base; path = Base.lproj/LaunchScreen.storyboard; sourceTree = "<group>"; };
		BF405C602436F993004EE3E2 /* Info.plist */ = {isa = PBXFileReference; lastKnownFileType = text.plist.xml; path = Info.plist; sourceTree = "<group>"; };
		BFC4875F24371E1E005BDA5D /* Contoh.swift */ = {isa = PBXFileReference; lastKnownFileType = sourcecode.swift; path = Contoh.swift; sourceTree = "<group>"; };
		CE6A141824372710000F1407 /* SoundController.swift */ = {isa = PBXFileReference; lastKnownFileType = sourcecode.swift; path = SoundController.swift; sourceTree = "<group>"; };
/* End PBXFileReference section */

/* Begin PBXFrameworksBuildPhase section */
		BF405C4C2436F992004EE3E2 /* Frameworks */ = {
			isa = PBXFrameworksBuildPhase;
			buildActionMask = 2147483647;
			files = (
			);
			runOnlyForDeploymentPostprocessing = 0;
		};
/* End PBXFrameworksBuildPhase section */

/* Begin PBXGroup section */
		BF405C462436F992004EE3E2 = {
			isa = PBXGroup;
			children = (
				BF405C512436F992004EE3E2 /* mc1g3-ryse */,
				BF405C502436F992004EE3E2 /* Products */,
			);
			sourceTree = "<group>";
		};
		BF405C502436F992004EE3E2 /* Products */ = {
			isa = PBXGroup;
			children = (
				BF405C4F2436F992004EE3E2 /* mc1g3-ryse.app */,
			);
			name = Products;
			sourceTree = "<group>";
		};
		BF405C512436F992004EE3E2 /* mc1g3-ryse */ = {
			isa = PBXGroup;
			children = (
				BF405C522436F992004EE3E2 /* AppDelegate.swift */,
				BF405C542436F992004EE3E2 /* SceneDelegate.swift */,
				BF405C562436F992004EE3E2 /* ViewController.swift */,
				BF405C582436F992004EE3E2 /* Main.storyboard */,
				BF405C5B2436F993004EE3E2 /* Assets.xcassets */,
				BF405C5D2436F993004EE3E2 /* LaunchScreen.storyboard */,
				BF405C602436F993004EE3E2 /* Info.plist */,
				BFC4875F24371E1E005BDA5D /* Contoh.swift */,
				CE6A141824372710000F1407 /* SoundController.swift */,
			);
			path = "mc1g3-ryse";
			sourceTree = "<group>";
		};
/* End PBXGroup section */

/* Begin PBXNativeTarget section */
		BF405C4E2436F992004EE3E2 /* mc1g3-ryse */ = {
			isa = PBXNativeTarget;
			buildConfigurationList = BF405C632436F993004EE3E2 /* Build configuration list for PBXNativeTarget "mc1g3-ryse" */;
			buildPhases = (
				BF405C4B2436F992004EE3E2 /* Sources */,
				BF405C4C2436F992004EE3E2 /* Frameworks */,
				BF405C4D2436F992004EE3E2 /* Resources */,
			);
			buildRules = (
			);
			dependencies = (
			);
			name = "mc1g3-ryse";
			productName = "mc1g3-ryse";
			productReference = BF405C4F2436F992004EE3E2 /* mc1g3-ryse.app */;
			productType = "com.apple.product-type.application";
		};
/* End PBXNativeTarget section */

/* Begin PBXProject section */
		BF405C472436F992004EE3E2 /* Project object */ = {
			isa = PBXProject;
			attributes = {
				LastSwiftUpdateCheck = 1140;
				LastUpgradeCheck = 1140;
				ORGANIZATIONNAME = "Grace Cindy";
				TargetAttributes = {
					BF405C4E2436F992004EE3E2 = {
						CreatedOnToolsVersion = 11.4;
					};
				};
			};
			buildConfigurationList = BF405C4A2436F992004EE3E2 /* Build configuration list for PBXProject "mc1g3-ryse" */;
			compatibilityVersion = "Xcode 9.3";
			developmentRegion = en;
			hasScannedForEncodings = 0;
			knownRegions = (
				en,
				Base,
			);
			mainGroup = BF405C462436F992004EE3E2;
			productRefGroup = BF405C502436F992004EE3E2 /* Products */;
			projectDirPath = "";
			projectRoot = "";
			targets = (
				BF405C4E2436F992004EE3E2 /* mc1g3-ryse */,
			);
		};
/* End PBXProject section */

/* Begin PBXResourcesBuildPhase section */
		BF405C4D2436F992004EE3E2 /* Resources */ = {
			isa = PBXResourcesBuildPhase;
			buildActionMask = 2147483647;
			files = (
				BF405C5F2436F993004EE3E2 /* LaunchScreen.storyboard in Resources */,
				BF405C5C2436F993004EE3E2 /* Assets.xcassets in Resources */,
				BF405C5A2436F992004EE3E2 /* Main.storyboard in Resources */,
			);
			runOnlyForDeploymentPostprocessing = 0;
		};
/* End PBXResourcesBuildPhase section */

/* Begin PBXSourcesBuildPhase section */
		BF405C4B2436F992004EE3E2 /* Sources */ = {
			isa = PBXSourcesBuildPhase;
			buildActionMask = 2147483647;
			files = (
				BF405C572436F992004EE3E2 /* ViewController.swift in Sources */,
				CE6A141924372710000F1407 /* SoundController.swift in Sources */,
				BF405C532436F992004EE3E2 /* AppDelegate.swift in Sources */,
				BFC4876024371E1E005BDA5D /* Contoh.swift in Sources */,
				BF405C552436F992004EE3E2 /* SceneDelegate.swift in Sources */,
			);
			runOnlyForDeploymentPostprocessing = 0;
		};
/* End PBXSourcesBuildPhase section */

/* Begin PBXVariantGroup section */
		BF405C582436F992004EE3E2 /* Main.storyboard */ = {
			isa = PBXVariantGroup;
			children = (
				BF405C592436F992004EE3E2 /* Base */,
			);
			name = Main.storyboard;
			sourceTree = "<group>";
		};
		BF405C5D2436F993004EE3E2 /* LaunchScreen.storyboard */ = {
			isa = PBXVariantGroup;
			children = (
				BF405C5E2436F993004EE3E2 /* Base */,
			);
			name = LaunchScreen.storyboard;
			sourceTree = "<group>";
		};
/* End PBXVariantGroup section */

/* Begin XCBuildConfiguration section */
		BF405C612436F993004EE3E2 /* Debug */ = {
			isa = XCBuildConfiguration;
			buildSettings = {
				ALWAYS_SEARCH_USER_PATHS = NO;
				CLANG_ANALYZER_NONNULL = YES;
				CLANG_ANALYZER_NUMBER_OBJECT_CONVERSION = YES_AGGRESSIVE;
				CLANG_CXX_LANGUAGE_STANDARD = "gnu++14";
				CLANG_CXX_LIBRARY = "libc++";
				CLANG_ENABLE_MODULES = YES;
				CLANG_ENABLE_OBJC_ARC = YES;
				CLANG_ENABLE_OBJC_WEAK = YES;
				CLANG_WARN_BLOCK_CAPTURE_AUTORELEASING = YES;
				CLANG_WARN_BOOL_CONVERSION = YES;
				CLANG_WARN_COMMA = YES;
				CLANG_WARN_CONSTANT_CONVERSION = YES;
				CLANG_WARN_DEPRECATED_OBJC_IMPLEMENTATIONS = YES;
				CLANG_WARN_DIRECT_OBJC_ISA_USAGE = YES_ERROR;
				CLANG_WARN_DOCUMENTATION_COMMENTS = YES;
				CLANG_WARN_EMPTY_BODY = YES;
				CLANG_WARN_ENUM_CONVERSION = YES;
				CLANG_WARN_INFINITE_RECURSION = YES;
				CLANG_WARN_INT_CONVERSION = YES;
				CLANG_WARN_NON_LITERAL_NULL_CONVERSION = YES;
				CLANG_WARN_OBJC_IMPLICIT_RETAIN_SELF = YES;
				CLANG_WARN_OBJC_LITERAL_CONVERSION = YES;
				CLANG_WARN_OBJC_ROOT_CLASS = YES_ERROR;
				CLANG_WARN_RANGE_LOOP_ANALYSIS = YES;
				CLANG_WARN_STRICT_PROTOTYPES = YES;
				CLANG_WARN_SUSPICIOUS_MOVE = YES;
				CLANG_WARN_UNGUARDED_AVAILABILITY = YES_AGGRESSIVE;
				CLANG_WARN_UNREACHABLE_CODE = YES;
				CLANG_WARN__DUPLICATE_METHOD_MATCH = YES;
				COPY_PHASE_STRIP = NO;
				DEBUG_INFORMATION_FORMAT = dwarf;
				ENABLE_STRICT_OBJC_MSGSEND = YES;
				ENABLE_TESTABILITY = YES;
				GCC_C_LANGUAGE_STANDARD = gnu11;
				GCC_DYNAMIC_NO_PIC = NO;
				GCC_NO_COMMON_BLOCKS = YES;
				GCC_OPTIMIZATION_LEVEL = 0;
				GCC_PREPROCESSOR_DEFINITIONS = (
					"DEBUG=1",
					"$(inherited)",
				);
				GCC_WARN_64_TO_32_BIT_CONVERSION = YES;
				GCC_WARN_ABOUT_RETURN_TYPE = YES_ERROR;
				GCC_WARN_UNDECLARED_SELECTOR = YES;
				GCC_WARN_UNINITIALIZED_AUTOS = YES_AGGRESSIVE;
				GCC_WARN_UNUSED_FUNCTION = YES;
				GCC_WARN_UNUSED_VARIABLE = YES;
				IPHONEOS_DEPLOYMENT_TARGET = 13.0;
				MTL_ENABLE_DEBUG_INFO = INCLUDE_SOURCE;
				MTL_FAST_MATH = YES;
				ONLY_ACTIVE_ARCH = YES;
				SDKROOT = iphoneos;
				SWIFT_ACTIVE_COMPILATION_CONDITIONS = DEBUG;
				SWIFT_OPTIMIZATION_LEVEL = "-Onone";
			};
			name = Debug;
		};
		BF405C622436F993004EE3E2 /* Release */ = {
			isa = XCBuildConfiguration;
			buildSettings = {
				ALWAYS_SEARCH_USER_PATHS = NO;
				CLANG_ANALYZER_NONNULL = YES;
				CLANG_ANALYZER_NUMBER_OBJECT_CONVERSION = YES_AGGRESSIVE;
				CLANG_CXX_LANGUAGE_STANDARD = "gnu++14";
				CLANG_CXX_LIBRARY = "libc++";
				CLANG_ENABLE_MODULES = YES;
				CLANG_ENABLE_OBJC_ARC = YES;
				CLANG_ENABLE_OBJC_WEAK = YES;
				CLANG_WARN_BLOCK_CAPTURE_AUTORELEASING = YES;
				CLANG_WARN_BOOL_CONVERSION = YES;
				CLANG_WARN_COMMA = YES;
				CLANG_WARN_CONSTANT_CONVERSION = YES;
				CLANG_WARN_DEPRECATED_OBJC_IMPLEMENTATIONS = YES;
				CLANG_WARN_DIRECT_OBJC_ISA_USAGE = YES_ERROR;
				CLANG_WARN_DOCUMENTATION_COMMENTS = YES;
				CLANG_WARN_EMPTY_BODY = YES;
				CLANG_WARN_ENUM_CONVERSION = YES;
				CLANG_WARN_INFINITE_RECURSION = YES;
				CLANG_WARN_INT_CONVERSION = YES;
				CLANG_WARN_NON_LITERAL_NULL_CONVERSION = YES;
				CLANG_WARN_OBJC_IMPLICIT_RETAIN_SELF = YES;
				CLANG_WARN_OBJC_LITERAL_CONVERSION = YES;
				CLANG_WARN_OBJC_ROOT_CLASS = YES_ERROR;
				CLANG_WARN_RANGE_LOOP_ANALYSIS = YES;
				CLANG_WARN_STRICT_PROTOTYPES = YES;
				CLANG_WARN_SUSPICIOUS_MOVE = YES;
				CLANG_WARN_UNGUARDED_AVAILABILITY = YES_AGGRESSIVE;
				CLANG_WARN_UNREACHABLE_CODE = YES;
				CLANG_WARN__DUPLICATE_METHOD_MATCH = YES;
				COPY_PHASE_STRIP = NO;
				DEBUG_INFORMATION_FORMAT = "dwarf-with-dsym";
				ENABLE_NS_ASSERTIONS = NO;
				ENABLE_STRICT_OBJC_MSGSEND = YES;
				GCC_C_LANGUAGE_STANDARD = gnu11;
				GCC_NO_COMMON_BLOCKS = YES;
				GCC_WARN_64_TO_32_BIT_CONVERSION = YES;
				GCC_WARN_ABOUT_RETURN_TYPE = YES_ERROR;
				GCC_WARN_UNDECLARED_SELECTOR = YES;
				GCC_WARN_UNINITIALIZED_AUTOS = YES_AGGRESSIVE;
				GCC_WARN_UNUSED_FUNCTION = YES;
				GCC_WARN_UNUSED_VARIABLE = YES;
				IPHONEOS_DEPLOYMENT_TARGET = 13.0;
				MTL_ENABLE_DEBUG_INFO = NO;
				MTL_FAST_MATH = YES;
				SDKROOT = iphoneos;
				SWIFT_COMPILATION_MODE = wholemodule;
				SWIFT_OPTIMIZATION_LEVEL = "-O";
				VALIDATE_PRODUCT = YES;
			};
			name = Release;
		};
		BF405C642436F993004EE3E2 /* Debug */ = {
			isa = XCBuildConfiguration;
			buildSettings = {
				ASSETCATALOG_COMPILER_APPICON_NAME = AppIcon;
				CODE_SIGN_STYLE = Automatic;
				INFOPLIST_FILE = "mc1g3-ryse/Info.plist";
				LD_RUNPATH_SEARCH_PATHS = (
					"$(inherited)",
					"@executable_path/Frameworks",
				);
				PRODUCT_BUNDLE_IDENTIFIER = "com.mc1g3-ryse";
				PRODUCT_NAME = "$(TARGET_NAME)";
				SWIFT_VERSION = 5.0;
				TARGETED_DEVICE_FAMILY = "1,2";
			};
			name = Debug;
		};
		BF405C652436F993004EE3E2 /* Release */ = {
			isa = XCBuildConfiguration;
			buildSettings = {
				ASSETCATALOG_COMPILER_APPICON_NAME = AppIcon;
				CODE_SIGN_STYLE = Automatic;
				INFOPLIST_FILE = "mc1g3-ryse/Info.plist";
				LD_RUNPATH_SEARCH_PATHS = (
					"$(inherited)",
					"@executable_path/Frameworks",
				);
				PRODUCT_BUNDLE_IDENTIFIER = "com.mc1g3-ryse";
				PRODUCT_NAME = "$(TARGET_NAME)";
				SWIFT_VERSION = 5.0;
				TARGETED_DEVICE_FAMILY = "1,2";
			};
			name = Release;
		};
/* End XCBuildConfiguration section */

/* Begin XCConfigurationList section */
		BF405C4A2436F992004EE3E2 /* Build configuration list for PBXProject "mc1g3-ryse" */ = {
			isa = XCConfigurationList;
			buildConfigurations = (
				BF405C612436F993004EE3E2 /* Debug */,
				BF405C622436F993004EE3E2 /* Release */,
			);
			defaultConfigurationIsVisible = 0;
			defaultConfigurationName = Release;
		};
		BF405C632436F993004EE3E2 /* Build configuration list for PBXNativeTarget "mc1g3-ryse" */ = {
			isa = XCConfigurationList;
			buildConfigurations = (
				BF405C642436F993004EE3E2 /* Debug */,
				BF405C652436F993004EE3E2 /* Release */,
			);
			defaultConfigurationIsVisible = 0;
			defaultConfigurationName = Release;
		};
/* End XCConfigurationList section */
	};
	rootObject = BF405C472436F992004EE3E2 /* Project object */;
}
